
Microsoft Visual Studio Solution File, Format Version 9.00
# Visual Studio 2005
Project("{FAE04EC0-301F-11D3-BF4B-00C04F79EFBC}") = "ClearTable", "ClearTable.csproj", "{B93BFAC0-0254-4157-9AAC-E2119035C21D}"
EndProject
Global
	GlobalSection(SolutionConfigurationPlatforms) = preSolution
		Debug|Any CPU = Debug|Any CPU
		Release|Any CPU = Release|Any CPU
	EndGlobalSection
	GlobalSection(ProjectConfigurationPlatforms) = postSolution
		{B93BFAC0-0254-4157-9AAC-E2119035C21D}.Debug|Any CPU.ActiveCfg = Debug|Any CPU
		{B93BFAC0-0254-4157-9AAC-E2119035C21D}.Debug|Any CPU.Build.0 = Debug|Any CPU
		{B93BFAC0-0254-4157-9AAC-E2119035C21D}.Release|Any CPU.ActiveCfg = Release|Any CPU
		{B93BFAC0-0254-4157-9AAC-E2119035C21D}.Release|Any CPU.Build.0 = Release|Any CPU
	EndGlobalSection
	GlobalSection(SolutionProperties) = preSolution
		HideSolutionNode = FALSE
	EndGlobalSection
EndGlobal
