
Microsoft Visual Studio Solution File, Format Version 12.00
# Visual Studio Version 16
VisualStudioVersion = 16.0.29411.108
MinimumVisualStudioVersion = 10.0.40219.1
Project("{FAE04EC0-301F-11D3-BF4B-00C04F79EFBC}") = "VNC_Explore_ObjectModel_System.Security", "VNC_Explore_ObjectModel_System.Security.csproj", "{7DE4042A-88F0-4B4F-89C9-E16EF59658AA}"
EndProject
Global
	GlobalSection(SolutionConfigurationPlatforms) = preSolution
		Debug|Any CPU = Debug|Any CPU
		Release|Any CPU = Release|Any CPU
	EndGlobalSection
	GlobalSection(ProjectConfigurationPlatforms) = postSolution
		{7DE4042A-88F0-4B4F-89C9-E16EF59658AA}.Debug|Any CPU.ActiveCfg = Debug|Any CPU
		{7DE4042A-88F0-4B4F-89C9-E16EF59658AA}.Debug|Any CPU.Build.0 = Debug|Any CPU
		{7DE4042A-88F0-4B4F-89C9-E16EF59658AA}.Release|Any CPU.ActiveCfg = Release|Any CPU
		{7DE4042A-88F0-4B4F-89C9-E16EF59658AA}.Release|Any CPU.Build.0 = Release|Any CPU
	EndGlobalSection
	GlobalSection(SolutionProperties) = preSolution
		HideSolutionNode = FALSE
	EndGlobalSection
	GlobalSection(ExtensibilityGlobals) = postSolution
		SolutionGuid = {C4829C47-F498-4036-BD3D-91F50C77150A}
	EndGlobalSection
EndGlobal
