
Microsoft Visual Studio Solution File, Format Version 9.00
# Visual Studio 2005
Project("{FAE04EC0-301F-11D3-BF4B-00C04F79EFBC}") = "RecurringRelations", "RecurringRelations\RecurringRelations.csproj", "{600865A1-D2AA-47DF-9511-ED6799CEC13A}"
EndProject
Global
	GlobalSection(SolutionConfigurationPlatforms) = preSolution
		Debug|Any CPU = Debug|Any CPU
		Release|Any CPU = Release|Any CPU
	EndGlobalSection
	GlobalSection(ProjectConfigurationPlatforms) = postSolution
		{600865A1-D2AA-47DF-9511-ED6799CEC13A}.Debug|Any CPU.ActiveCfg = Debug|Any CPU
		{600865A1-D2AA-47DF-9511-ED6799CEC13A}.Debug|Any CPU.Build.0 = Debug|Any CPU
		{600865A1-D2AA-47DF-9511-ED6799CEC13A}.Release|Any CPU.ActiveCfg = Release|Any CPU
		{600865A1-D2AA-47DF-9511-ED6799CEC13A}.Release|Any CPU.Build.0 = Release|Any CPU
	EndGlobalSection
	GlobalSection(SolutionProperties) = preSolution
		HideSolutionNode = FALSE
	EndGlobalSection
EndGlobal
