
Microsoft Visual Studio Solution File, Format Version 12.00
# Visual Studio Version 16
VisualStudioVersion = 16.0.29411.108
MinimumVisualStudioVersion = 10.0.40219.1
Project("{FAE04EC0-301F-11D3-BF4B-00C04F79EFBC}") = "ExploreNamespaces", "ExploreNamespaces\ExploreNamespaces.csproj", "{DF07872D-7462-4FB6-B75A-76D3F161F510}"
EndProject
Global
	GlobalSection(SolutionConfigurationPlatforms) = preSolution
		Debug|Any CPU = Debug|Any CPU
		Release|Any CPU = Release|Any CPU
	EndGlobalSection
	GlobalSection(ProjectConfigurationPlatforms) = postSolution
		{DF07872D-7462-4FB6-B75A-76D3F161F510}.Debug|Any CPU.ActiveCfg = Debug|Any CPU
		{DF07872D-7462-4FB6-B75A-76D3F161F510}.Debug|Any CPU.Build.0 = Debug|Any CPU
		{DF07872D-7462-4FB6-B75A-76D3F161F510}.Release|Any CPU.ActiveCfg = Release|Any CPU
		{DF07872D-7462-4FB6-B75A-76D3F161F510}.Release|Any CPU.Build.0 = Release|Any CPU
	EndGlobalSection
	GlobalSection(SolutionProperties) = preSolution
		HideSolutionNode = FALSE
	EndGlobalSection
	GlobalSection(ExtensibilityGlobals) = postSolution
		SolutionGuid = {3BA47ABD-0093-4B60-AED9-08062EC96C4F}
	EndGlobalSection
EndGlobal
