
Microsoft Visual Studio Solution File, Format Version 11.00
# Visual Studio 2010
Project("{FAE04EC0-301F-11D3-BF4B-00C04F79EFBC}") = "MvcNuget", "MvcNuget\MvcNuget.csproj", "{C2B33A9D-9EAD-42D0-A094-CB88A6C9444E}"
EndProject
Project("{FAE04EC0-301F-11D3-BF4B-00C04F79EFBC}") = "MvcNuget.Tests", "MvcNuget.Tests\MvcNuget.Tests.csproj", "{8C4F3D0C-815B-418E-959F-20DC06F54ADB}"
EndProject
Project("{2150E333-8FDC-42A3-9474-1A3956D46DE8}") = "Solution Items", "Solution Items", "{3B9B2071-DFFA-4714-B6EA-3761A6A36BCF}"
	ProjectSection(SolutionItems) = preProject
		Local.testsettings = Local.testsettings
		MvcNuget.vsmdi = MvcNuget.vsmdi
		TraceAndTestImpact.testsettings = TraceAndTestImpact.testsettings
	EndProjectSection
EndProject
Global
	GlobalSection(TestCaseManagementSettings) = postSolution
		CategoryFile = MvcNuget.vsmdi
	EndGlobalSection
	GlobalSection(SolutionConfigurationPlatforms) = preSolution
		Debug|Any CPU = Debug|Any CPU
		Release|Any CPU = Release|Any CPU
	EndGlobalSection
	GlobalSection(ProjectConfigurationPlatforms) = postSolution
		{C2B33A9D-9EAD-42D0-A094-CB88A6C9444E}.Debug|Any CPU.ActiveCfg = Debug|Any CPU
		{C2B33A9D-9EAD-42D0-A094-CB88A6C9444E}.Debug|Any CPU.Build.0 = Debug|Any CPU
		{C2B33A9D-9EAD-42D0-A094-CB88A6C9444E}.Release|Any CPU.ActiveCfg = Release|Any CPU
		{C2B33A9D-9EAD-42D0-A094-CB88A6C9444E}.Release|Any CPU.Build.0 = Release|Any CPU
		{8C4F3D0C-815B-418E-959F-20DC06F54ADB}.Debug|Any CPU.ActiveCfg = Debug|Any CPU
		{8C4F3D0C-815B-418E-959F-20DC06F54ADB}.Debug|Any CPU.Build.0 = Debug|Any CPU
		{8C4F3D0C-815B-418E-959F-20DC06F54ADB}.Release|Any CPU.ActiveCfg = Release|Any CPU
		{8C4F3D0C-815B-418E-959F-20DC06F54ADB}.Release|Any CPU.Build.0 = Release|Any CPU
	EndGlobalSection
	GlobalSection(SolutionProperties) = preSolution
		HideSolutionNode = FALSE
	EndGlobalSection
EndGlobal
