
Microsoft Visual Studio Solution File, Format Version 12.00
# Visual Studio 2013
VisualStudioVersion = 12.0.31101.0
MinimumVisualStudioVersion = 10.0.40219.1
Project("{FAE04EC0-301F-11D3-BF4B-00C04F79EFBC}") = "MVC4VS2012Basic", "MVC4VS2012Basic\MVC4VS2012Basic.csproj", "{F5B91C7E-188D-436E-84EB-D58B5810B445}"
EndProject
Project("{FAE04EC0-301F-11D3-BF4B-00C04F79EFBC}") = "MVC4VS2012Basic.Tests", "MVC4VS2012Basic.Tests\MVC4VS2012Basic.Tests.csproj", "{63782442-F784-4DF6-BFDA-FD99E20F31B7}"
EndProject
Global
	GlobalSection(TeamFoundationVersionControl) = preSolution
		SccNumberOfProjects = 3
		SccEnterpriseProvider = {4CA58AB2-18FA-4F8D-95D4-32DDF27D184C}
		SccTeamFoundationServer = https://vncdev.visualstudio.com/defaultcollection
		SccLocalPath0 = .
		SccProjectUniqueName1 = MVC4VS2012Basic.Tests\\MVC4VS2012Basic.Tests.csproj
		SccProjectName1 = MVC4VS2012Basic.Tests
		SccLocalPath1 = MVC4VS2012Basic.Tests
		SccProjectUniqueName2 = MVC4VS2012Basic\\MVC4VS2012Basic.csproj
		SccProjectName2 = MVC4VS2012Basic
		SccLocalPath2 = MVC4VS2012Basic
	EndGlobalSection
	GlobalSection(SolutionConfigurationPlatforms) = preSolution
		Debug|Any CPU = Debug|Any CPU
		Release|Any CPU = Release|Any CPU
	EndGlobalSection
	GlobalSection(ProjectConfigurationPlatforms) = postSolution
		{F5B91C7E-188D-436E-84EB-D58B5810B445}.Debug|Any CPU.ActiveCfg = Debug|Any CPU
		{F5B91C7E-188D-436E-84EB-D58B5810B445}.Debug|Any CPU.Build.0 = Debug|Any CPU
		{F5B91C7E-188D-436E-84EB-D58B5810B445}.Release|Any CPU.ActiveCfg = Release|Any CPU
		{F5B91C7E-188D-436E-84EB-D58B5810B445}.Release|Any CPU.Build.0 = Release|Any CPU
		{63782442-F784-4DF6-BFDA-FD99E20F31B7}.Debug|Any CPU.ActiveCfg = Debug|Any CPU
		{63782442-F784-4DF6-BFDA-FD99E20F31B7}.Debug|Any CPU.Build.0 = Debug|Any CPU
		{63782442-F784-4DF6-BFDA-FD99E20F31B7}.Release|Any CPU.ActiveCfg = Release|Any CPU
		{63782442-F784-4DF6-BFDA-FD99E20F31B7}.Release|Any CPU.Build.0 = Release|Any CPU
	EndGlobalSection
	GlobalSection(SolutionProperties) = preSolution
		HideSolutionNode = FALSE
	EndGlobalSection
EndGlobal
