
Microsoft Visual Studio Solution File, Format Version 9.00
# Visual Studio 2005
Project("{FAE04EC0-301F-11D3-BF4B-00C04F79EFBC}") = "AddItemADO", "AddItemADO.csproj", "{B3A51398-FAA7-4389-9276-B9B97F5062FB}"
EndProject
Global
	GlobalSection(SolutionConfigurationPlatforms) = preSolution
		Debug|Any CPU = Debug|Any CPU
	EndGlobalSection
	GlobalSection(ProjectConfigurationPlatforms) = postSolution
		{B3A51398-FAA7-4389-9276-B9B97F5062FB}.Debug|Any CPU.ActiveCfg = Debug|Any CPU
		{B3A51398-FAA7-4389-9276-B9B97F5062FB}.Debug|Any CPU.Build.0 = Debug|Any CPU
	EndGlobalSection
	GlobalSection(SolutionProperties) = preSolution
		HideSolutionNode = FALSE
	EndGlobalSection
EndGlobal
