
Microsoft Visual Studio Solution File, Format Version 12.00
# Visual Studio Version 16
VisualStudioVersion = 16.0.29613.14
MinimumVisualStudioVersion = 10.0.40219.1
Project("{FAE04EC0-301F-11D3-BF4B-00C04F79EFBC}") = "VNC_Explore_ObjectModel_System.DirectoryServices", "VNC_Explore_ObjectModel_System.DirectoryServices.csproj", "{57C5B66C-3A75-4F5E-883D-159469EC097C}"
EndProject
Global
	GlobalSection(SolutionConfigurationPlatforms) = preSolution
		Debug|Any CPU = Debug|Any CPU
		Release|Any CPU = Release|Any CPU
	EndGlobalSection
	GlobalSection(ProjectConfigurationPlatforms) = postSolution
		{57C5B66C-3A75-4F5E-883D-159469EC097C}.Debug|Any CPU.ActiveCfg = Debug|Any CPU
		{57C5B66C-3A75-4F5E-883D-159469EC097C}.Debug|Any CPU.Build.0 = Debug|Any CPU
		{57C5B66C-3A75-4F5E-883D-159469EC097C}.Release|Any CPU.ActiveCfg = Release|Any CPU
		{57C5B66C-3A75-4F5E-883D-159469EC097C}.Release|Any CPU.Build.0 = Release|Any CPU
	EndGlobalSection
	GlobalSection(SolutionProperties) = preSolution
		HideSolutionNode = FALSE
	EndGlobalSection
	GlobalSection(ExtensibilityGlobals) = postSolution
		SolutionGuid = {1B30A1C4-CD32-4738-8E1C-F559BCEC6BEE}
	EndGlobalSection
EndGlobal
