
Microsoft Visual Studio Solution File, Format Version 12.00
# Visual Studio 15
VisualStudioVersion = 15.0.28307.136
MinimumVisualStudioVersion = 10.0.40219.1
Project("{FAE04EC0-301F-11D3-BF4B-00C04F79EFBC}") = "GDOracleConsoleApp", "GDOracleConsoleApp\GDOracleConsoleApp.csproj", "{19BFEF5F-0404-42FA-8364-C951D00EB88F}"
EndProject
Global
	GlobalSection(SolutionConfigurationPlatforms) = preSolution
		Debug|Any CPU = Debug|Any CPU
		Debug|x64 = Debug|x64
		Release|Any CPU = Release|Any CPU
		Release|x64 = Release|x64
	EndGlobalSection
	GlobalSection(ProjectConfigurationPlatforms) = postSolution
		{19BFEF5F-0404-42FA-8364-C951D00EB88F}.Debug|Any CPU.ActiveCfg = Debug|Any CPU
		{19BFEF5F-0404-42FA-8364-C951D00EB88F}.Debug|Any CPU.Build.0 = Debug|Any CPU
		{19BFEF5F-0404-42FA-8364-C951D00EB88F}.Debug|x64.ActiveCfg = Debug|x64
		{19BFEF5F-0404-42FA-8364-C951D00EB88F}.Debug|x64.Build.0 = Debug|x64
		{19BFEF5F-0404-42FA-8364-C951D00EB88F}.Release|Any CPU.ActiveCfg = Release|Any CPU
		{19BFEF5F-0404-42FA-8364-C951D00EB88F}.Release|Any CPU.Build.0 = Release|Any CPU
		{19BFEF5F-0404-42FA-8364-C951D00EB88F}.Release|x64.ActiveCfg = Release|x64
		{19BFEF5F-0404-42FA-8364-C951D00EB88F}.Release|x64.Build.0 = Release|x64
	EndGlobalSection
	GlobalSection(SolutionProperties) = preSolution
		HideSolutionNode = FALSE
	EndGlobalSection
	GlobalSection(ExtensibilityGlobals) = postSolution
		SolutionGuid = {5E11B835-8415-4EC2-B2E4-2A3536ECE0C4}
	EndGlobalSection
EndGlobal
