
Microsoft Visual Studio Solution File, Format Version 12.00
# Visual Studio Version 16
VisualStudioVersion = 16.0.29613.14
MinimumVisualStudioVersion = 10.0.40219.1
Project("{FAE04EC0-301F-11D3-BF4B-00C04F79EFBC}") = "VNC_Explore_ObjectModel_System.Runtime", "VNC_Explore_ObjectModel_System.Runtime.csproj", "{AC3AF414-AFE8-4802-BD10-4E3A9BD8637B}"
EndProject
Global
	GlobalSection(SolutionConfigurationPlatforms) = preSolution
		Debug|Any CPU = Debug|Any CPU
		Release|Any CPU = Release|Any CPU
	EndGlobalSection
	GlobalSection(ProjectConfigurationPlatforms) = postSolution
		{AC3AF414-AFE8-4802-BD10-4E3A9BD8637B}.Debug|Any CPU.ActiveCfg = Debug|Any CPU
		{AC3AF414-AFE8-4802-BD10-4E3A9BD8637B}.Debug|Any CPU.Build.0 = Debug|Any CPU
		{AC3AF414-AFE8-4802-BD10-4E3A9BD8637B}.Release|Any CPU.ActiveCfg = Release|Any CPU
		{AC3AF414-AFE8-4802-BD10-4E3A9BD8637B}.Release|Any CPU.Build.0 = Release|Any CPU
	EndGlobalSection
	GlobalSection(SolutionProperties) = preSolution
		HideSolutionNode = FALSE
	EndGlobalSection
	GlobalSection(ExtensibilityGlobals) = postSolution
		SolutionGuid = {3DCA5B29-F1F6-4843-A500-0CECC101E450}
	EndGlobalSection
EndGlobal
