
Microsoft Visual Studio Solution File, Format Version 12.00
# Visual Studio Version 16
VisualStudioVersion = 16.0.29613.14
MinimumVisualStudioVersion = 10.0.40219.1
Project("{2150E333-8FDC-42A3-9474-1A3956D46DE8}") = "Data", "Data", "{B8E9A6FD-8E6F-4EB3-BED7-589C3E53F06D}"
EndProject
Project("{2150E333-8FDC-42A3-9474-1A3956D46DE8}") = "Domain", "Domain", "{2186C702-7914-4B36-B49D-9C0ED5F502E1}"
EndProject
Project("{2150E333-8FDC-42A3-9474-1A3956D46DE8}") = "Modules", "Modules", "{B6E0F8EE-8461-43D8-8CF8-DCDC466986D6}"
EndProject
Project("{2150E333-8FDC-42A3-9474-1A3956D46DE8}") = "Repositories", "Repositories", "{8C269ABA-8CD4-4803-8DB5-770E5F30214D}"
EndProject
Project("{2150E333-8FDC-42A3-9474-1A3956D46DE8}") = "Services", "Services", "{CC669D7A-765F-4B8C-A5A9-B653CD4A09F7}"
EndProject
Project("{FAE04EC0-301F-11D3-BF4B-00C04F79EFBC}") = "VNCWPFPrismAppBase", "..\..\..\VisualStudio\ProjectTemplates\VNCWPFPrismAppBase\VNCWPFPrismAppBase.csproj", "{CDB1C1CC-F190-4C03-B6E2-FF19996F980C}"
EndProject
Project("{FAE04EC0-301F-11D3-BF4B-00C04F79EFBC}") = "VNCWPFPrismApp.Infrastructure", "VNCWPFPrismApp.Infrastructure\VNCWPFPrismApp.Infrastructure.csproj", "{9079503B-9F88-4E1A-B07D-95EB24214FCC}"
EndProject
Project("{FAE04EC0-301F-11D3-BF4B-00C04F79EFBC}") = "ModuleCommunicationPeopleCompositeCommand", "Modules\ModulePeopleCompositeCommand\ModuleCommunicationPeopleCompositeCommand.csproj", "{A0166329-790A-4C28-9D3A-F68A9DC30604}"
EndProject
Project("{FAE04EC0-301F-11D3-BF4B-00C04F79EFBC}") = "ModuleCommunicationPeopleDelegateCommand", "Modules\ModulePeopleDelegateCommand\ModuleCommunicationPeopleDelegateCommand.csproj", "{3C63D2A4-6280-47C5-B9B5-D42F7F2A6CD9}"
EndProject
Project("{FAE04EC0-301F-11D3-BF4B-00C04F79EFBC}") = "ModuleMVVM_V1_ViewInjection", "Modules\ModuleMVVM_V1_ViewInjection\ModuleMVVM_V1_ViewInjection.csproj", "{2FDB81A8-13F7-4C34-8644-836D49B8B7FC}"
EndProject
Project("{FAE04EC0-301F-11D3-BF4B-00C04F79EFBC}") = "ModuleMVVM_VM1_ViewInjection", "Modules\ModuleMVVM_VM1_ViewInjection\ModuleMVVM_VM1_ViewInjection.csproj", "{09C4001A-7D86-4DB0-A0F8-3139FA88400D}"
EndProject
Project("{FAE04EC0-301F-11D3-BF4B-00C04F79EFBC}") = "ModuleCommunicationPeopleEventAggregation", "Modules\ModulePeopleEventAggregation\ModuleCommunicationPeopleEventAggregation.csproj", "{766C2C26-A92B-45D6-822E-C0FC37109E3E}"
EndProject
Project("{FAE04EC0-301F-11D3-BF4B-00C04F79EFBC}") = "ModuleCommunicationPeopleSharedService", "Modules\ModulePeopleSharedService\ModuleCommunicationPeopleSharedService.csproj", "{37869990-73F7-4447-8C38-EDA47A06D9DB}"
EndProject
Project("{FAE04EC0-301F-11D3-BF4B-00C04F79EFBC}") = "PrismDemo.Services", "Services\PrismDemo.Services\PrismDemo.Services.csproj", "{E06E56BC-45A7-4F1E-8E85-65F523E410D6}"
EndProject
Project("{FAE04EC0-301F-11D3-BF4B-00C04F79EFBC}") = "ModuleCommunicationPeopleRegionContext", "Modules\ModulePeopleRegionContext\ModuleCommunicationPeopleRegionContext.csproj", "{39232C63-1E44-422A-9A8B-4A8726AAADD2}"
EndProject
Project("{FAE04EC0-301F-11D3-BF4B-00C04F79EFBC}") = "PersonDemo.Services.PersonService", "Services\PrismDemo.Services.PersonService\PersonDemo.Services.PersonService.csproj", "{A4214904-9716-44EC-A0CC-33DE4CEF7FD8}"
EndProject
Project("{FAE04EC0-301F-11D3-BF4B-00C04F79EFBC}") = "ModuleViewBasedNavigationA", "Modules\ModuleViewBasedNavigationA\ModuleViewBasedNavigationA.csproj", "{0B79451F-23FC-4143-885E-E264539626C8}"
EndProject
Project("{FAE04EC0-301F-11D3-BF4B-00C04F79EFBC}") = "ModuleViewBasedNavigationB", "Modules\ModuleViewBasedNavigationB\ModuleViewBasedNavigationB.csproj", "{5072F261-1419-4936-B62F-BF75316DB84B}"
EndProject
Project("{FAE04EC0-301F-11D3-BF4B-00C04F79EFBC}") = "ModuleViewBasedNavigationABasicRegionNavigation", "Modules\ModuleViewBasedNavigationABasicRegionNavigation\ModuleViewBasedNavigationABasicRegionNavigation.csproj", "{026D4598-162D-4EBC-BAD0-57DECE078AF9}"
EndProject
Project("{FAE04EC0-301F-11D3-BF4B-00C04F79EFBC}") = "ModuleViewBasedNavigationBBasicRegionNavigation", "Modules\ModuleViewBasedNavigationBBasicRegionNavigation\ModuleViewBasedNavigationBBasicRegionNavigation.csproj", "{9117D0DE-2488-4AB6-9F6E-A999D684D966}"
EndProject
Project("{FAE04EC0-301F-11D3-BF4B-00C04F79EFBC}") = "ModuleViewBasedNavigationANavigationParticipation", "Modules\ModuleViewBasedNavigationANavigationParticipation\ModuleViewBasedNavigationANavigationParticipation.csproj", "{62910631-72BD-4453-9885-8068F919F502}"
EndProject
Project("{FAE04EC0-301F-11D3-BF4B-00C04F79EFBC}") = "ModuleViewBasedNavigationBNavigationParticipation", "Modules\ModuleViewBasedNavigationBNavigationParticipation\ModuleViewBasedNavigationBNavigationParticipation.csproj", "{57FEE177-75B0-4EFF-9720-7B72B81CC937}"
EndProject
Project("{FAE04EC0-301F-11D3-BF4B-00C04F79EFBC}") = "ModuleViewBasedNavigationAPassingParameters", "Modules\ModuleViewBasedNavigationAPassingParameters\ModuleViewBasedNavigationAPassingParameters.csproj", "{7D5F5FD4-1106-4BE9-B7FE-1BE70F8AFF7D}"
EndProject
Project("{FAE04EC0-301F-11D3-BF4B-00C04F79EFBC}") = "ModuleViewBasedNavigationBPassingParameters", "Modules\ModuleViewBasedNavigationBPassingParameters\ModuleViewBasedNavigationBPassingParameters.csproj", "{C127EC22-494D-41E8-A566-05528A0676DF}"
EndProject
Project("{FAE04EC0-301F-11D3-BF4B-00C04F79EFBC}") = "ModuleViewBasedNavigationAExistingViews", "Modules\ModuleViewBasedNavigationAExistingViews\ModuleViewBasedNavigationAExistingViews.csproj", "{EB74F387-A962-4595-A051-C4933E8B4BD5}"
EndProject
Project("{FAE04EC0-301F-11D3-BF4B-00C04F79EFBC}") = "ModuleViewBasedNavigationBExistingViews", "Modules\ModuleViewBasedNavigationBExistingViews\ModuleViewBasedNavigationBExistingViews.csproj", "{C8730463-56BB-4E1D-8E77-4F3DD48D0A1B}"
EndProject
Project("{2150E333-8FDC-42A3-9474-1A3956D46DE8}") = "Navigation", "Navigation", "{32F28C79-FDD5-453B-8B66-29CC91D149A6}"
EndProject
Project("{2150E333-8FDC-42A3-9474-1A3956D46DE8}") = "Communication", "Communication", "{DC975406-ABB0-4A1B-B12E-207EBA6C294D}"
EndProject
Project("{2150E333-8FDC-42A3-9474-1A3956D46DE8}") = "Basics", "Basics", "{414969DC-BFF8-4953-B5AF-EEFB1554DA54}"
EndProject
Project("{2150E333-8FDC-42A3-9474-1A3956D46DE8}") = "MVVM", "MVVM", "{3EA90A11-7E79-4318-8E2E-F2200FA0EA44}"
EndProject
Project("{FAE04EC0-301F-11D3-BF4B-00C04F79EFBC}") = "ModuleViewBasedNavigationAConfirmCancel", "Modules\ModuleViewBasedNavigationAConfirmCancel\ModuleViewBasedNavigationAConfirmCancel.csproj", "{D253220D-0C7C-42DB-93C8-3AD06CCC01F5}"
EndProject
Project("{FAE04EC0-301F-11D3-BF4B-00C04F79EFBC}") = "ModuleViewBasedNavigationBConfirmCancel", "Modules\ModuleViewBasedNavigationBConfirmCancel\ModuleViewBasedNavigationBConfirmCancel.csproj", "{574B7423-42F7-4D53-B977-A6C1FB412B4E}"
EndProject
Project("{FAE04EC0-301F-11D3-BF4B-00C04F79EFBC}") = "ModuleViewBasedNavigationANavigationJournal", "Modules\ModuleViewBasedNavigationANavigationJournal\ModuleViewBasedNavigationANavigationJournal.csproj", "{AA7316EA-0B41-4C65-A0D0-72AFEA261269}"
EndProject
Project("{FAE04EC0-301F-11D3-BF4B-00C04F79EFBC}") = "ModuleViewBasedNavigationBNavigationJournal", "Modules\ModuleViewBasedNavigationBNavigationJournal\ModuleViewBasedNavigationBNavigationJournal.csproj", "{C9F53E04-C82E-4539-8C09-3A58ED946551}"
EndProject
Project("{2150E333-8FDC-42A3-9474-1A3956D46DE8}") = "Shells", "Shells", "{E3CA4C6B-5191-490A-8C88-F5FDE7F43468}"
EndProject
Project("{FAE04EC0-301F-11D3-BF4B-00C04F79EFBC}") = "ModuleShellsScopedRegions", "Modules\ModuleShellsScopedRegions\ModuleShellsScopedRegions.csproj", "{A49266FE-3ED6-40DE-BC82-B837AAD49E1E}"
EndProject
Project("{FAE04EC0-301F-11D3-BF4B-00C04F79EFBC}") = "ModuleShellsDuplicateRegionsException", "Modules\ModuleShellsDuplicateRegionsException\ModuleShellsDuplicateRegionsException.csproj", "{63102644-D308-4BA5-982E-506E12BC450F}"
EndProject
Project("{FAE04EC0-301F-11D3-BF4B-00C04F79EFBC}") = "ModuleShellsMultipleShells", "Modules\ModuleShellsMultipleShells\ModuleShellsMultipleShells.csproj", "{76115621-78AF-429B-AF57-9778B87AFE85}"
EndProject
Project("{FAE04EC0-301F-11D3-BF4B-00C04F79EFBC}") = "ModuleShellsDialogService", "Modules\ModuleShellsDialogService\ModuleShellsDialogService.csproj", "{4E4E9C8A-1281-4FB8-BC48-E99FC475AF31}"
EndProject
Project("{FAE04EC0-301F-11D3-BF4B-00C04F79EFBC}") = "ModuleShellsViewComposition", "Modules\ModuleShellsViewComposition\ModuleShellsViewComposition.csproj", "{D069C877-6F4C-42FF-A311-D46EBF32CD7E}"
EndProject
Project("{FAE04EC0-301F-11D3-BF4B-00C04F79EFBC}") = "VNCExplore_LearnPrism_MultipleShells_BrianLagunas", "VNCExplore_LearnPrism_MultipleShells_BrianLagunas\VNCExplore_LearnPrism_MultipleShells_BrianLagunas.csproj", "{C804FF95-6577-407B-A199-FA8AD3BDDEF8}"
EndProject
Project("{FAE04EC0-301F-11D3-BF4B-00C04F79EFBC}") = "VNCExplore_LearnPrism_BrianLagunas.Infrastructure", "VNCExplore_LearnPrism_BrianLagunas.Infrastructure\VNCExplore_LearnPrism_BrianLagunas.Infrastructure.csproj", "{4B1B862B-AA00-48A1-B806-424689173863}"
EndProject
Project("{FAE04EC0-301F-11D3-BF4B-00C04F79EFBC}") = "PrisimDemo.Business", "Domain\PrismDemo.Business\PrisimDemo.Business.csproj", "{AE529EDE-3D2F-4A49-B0A1-81BC838008CB}"
EndProject
Project("{FAE04EC0-301F-11D3-BF4B-00C04F79EFBC}") = "PrismDemo.PeopleViewer.SharedObjects", "Domain\PrismDemo.PeopleViewer.SharedObjects\PrismDemo.PeopleViewer.SharedObjects.csproj", "{B557CD54-35F3-4003-A6EE-CF1F3EDFA76E}"
EndProject
Project("{FAE04EC0-301F-11D3-BF4B-00C04F79EFBC}") = "ModuleA", "Modules\ModuleA\ModuleA.csproj", "{3D9A8549-A7A8-4DF9-829E-AEAE7ECACACA}"
EndProject
Project("{FAE04EC0-301F-11D3-BF4B-00C04F79EFBC}") = "ModuleB", "Modules\ModuleB\ModuleB.csproj", "{D0984924-8F65-476E-A466-5E7972916D13}"
EndProject
Project("{FAE04EC0-301F-11D3-BF4B-00C04F79EFBC}") = "ModuleC", "Modules\ModuleC\ModuleC.csproj", "{2F8F5E75-7278-4DDC-AD49-5CEF4E14CA8C}"
EndProject
Project("{FAE04EC0-301F-11D3-BF4B-00C04F79EFBC}") = "ModuleD", "Modules\ModuleD\ModuleD.csproj", "{F3891DCE-A41F-4ECB-A9E3-C46352DDDBD6}"
EndProject
Project("{FAE04EC0-301F-11D3-BF4B-00C04F79EFBC}") = "ModuleStatusBar", "Modules\ModuleStatusBar\ModuleStatusBar.csproj", "{B6734621-322A-4D04-8886-7C724577B408}"
EndProject
Project("{FAE04EC0-301F-11D3-BF4B-00C04F79EFBC}") = "ModuleToolBar", "Modules\ModuleToolBar\ModuleToolBar.csproj", "{A8003C7C-BDB7-4CE8-A934-0755EA19E9E1}"
EndProject
Project("{FAE04EC0-301F-11D3-BF4B-00C04F79EFBC}") = "PrismDemo.Core", "PrismDemo.Core\PrismDemo.Core.csproj", "{C4C64BDC-4ACA-499B-A05B-449293B40485}"
EndProject
Project("{FAE04EC0-301F-11D3-BF4B-00C04F79EFBC}") = "ModuleM", "Modules\ModuleM\ModuleM.csproj", "{47780C54-7F43-4137-8284-AEE72FF538EB}"
EndProject
Project("{FAE04EC0-301F-11D3-BF4B-00C04F79EFBC}") = "ModuleR", "Modules\ModuleR\ModuleR.csproj", "{DAD31717-29CC-4AC5-9DC3-BAD56B24D0C6}"
EndProject
Project("{FAE04EC0-301F-11D3-BF4B-00C04F79EFBC}") = "ModuleInterfaces", "Modules\ModuleInterfaces\ModuleInterfaces.csproj", "{77358BAB-7958-4300-A54E-9B0376E35CE7}"
EndProject
Project("{FAE04EC0-301F-11D3-BF4B-00C04F79EFBC}") = "ModuleMVVM_V1", "Modules\ModuleMVVMView1st\ModuleMVVM_V1.csproj", "{A2404EC3-1F6B-4D4F-8E24-9119D8CBDE20}"
EndProject
Project("{FAE04EC0-301F-11D3-BF4B-00C04F79EFBC}") = "ModuleMVVM_VM1", "Modules\ModuleMVVMViewModel1st\ModuleMVVM_VM1.csproj", "{FEA74CF7-4543-4DB6-86AE-6608E923DAF0}"
EndProject
Project("{FAE04EC0-301F-11D3-BF4B-00C04F79EFBC}") = "ModuleStateBasedNavigation", "Modules\ModuleStateBasedNavigation\ModuleStateBasedNavigation.csproj", "{B9B7C304-B100-4CB1-A489-E87E8B3D34D1}"
EndProject
Project("{FAE04EC0-301F-11D3-BF4B-00C04F79EFBC}") = "ModuleSimpleView", "Modules\ModuleSimpleView\ModuleSimpleView.csproj", "{9BF41B1B-558B-496A-9CE2-6D34199F6297}"
EndProject
Project("{FAE04EC0-301F-11D3-BF4B-00C04F79EFBC}") = "ModuleRibbon", "Modules\ModuleRibbon\ModuleRibbon.csproj", "{CA1A50E4-3B3E-4E2A-B326-BC353590B1D9}"
EndProject
Project("{FAE04EC0-301F-11D3-BF4B-00C04F79EFBC}") = "People.Service", "Services\People.Service\People.Service.csproj", "{5FE8AD75-B070-4A7F-9587-C40EE51BDD44}"
EndProject
Project("{FAE04EC0-301F-11D3-BF4B-00C04F79EFBC}") = "VNCExplore_LearnPrism_BrianLagunas", "VNCExplore_LearnPrism_BrianLagunas\VNCExplore_LearnPrism_BrianLagunas.csproj", "{DBC7E04D-C789-45BD-92AD-2ABFEAA374DC}"
EndProject
Global
	GlobalSection(SolutionConfigurationPlatforms) = preSolution
		Debug|Any CPU = Debug|Any CPU
		Release|Any CPU = Release|Any CPU
	EndGlobalSection
	GlobalSection(ProjectConfigurationPlatforms) = postSolution
		{CDB1C1CC-F190-4C03-B6E2-FF19996F980C}.Debug|Any CPU.ActiveCfg = Debug|Any CPU
		{CDB1C1CC-F190-4C03-B6E2-FF19996F980C}.Debug|Any CPU.Build.0 = Debug|Any CPU
		{CDB1C1CC-F190-4C03-B6E2-FF19996F980C}.Release|Any CPU.ActiveCfg = Release|Any CPU
		{CDB1C1CC-F190-4C03-B6E2-FF19996F980C}.Release|Any CPU.Build.0 = Release|Any CPU
		{9079503B-9F88-4E1A-B07D-95EB24214FCC}.Debug|Any CPU.ActiveCfg = Debug|Any CPU
		{9079503B-9F88-4E1A-B07D-95EB24214FCC}.Debug|Any CPU.Build.0 = Debug|Any CPU
		{9079503B-9F88-4E1A-B07D-95EB24214FCC}.Release|Any CPU.ActiveCfg = Release|Any CPU
		{9079503B-9F88-4E1A-B07D-95EB24214FCC}.Release|Any CPU.Build.0 = Release|Any CPU
		{A0166329-790A-4C28-9D3A-F68A9DC30604}.Debug|Any CPU.ActiveCfg = Debug|Any CPU
		{A0166329-790A-4C28-9D3A-F68A9DC30604}.Debug|Any CPU.Build.0 = Debug|Any CPU
		{A0166329-790A-4C28-9D3A-F68A9DC30604}.Release|Any CPU.ActiveCfg = Release|Any CPU
		{A0166329-790A-4C28-9D3A-F68A9DC30604}.Release|Any CPU.Build.0 = Release|Any CPU
		{3C63D2A4-6280-47C5-B9B5-D42F7F2A6CD9}.Debug|Any CPU.ActiveCfg = Debug|Any CPU
		{3C63D2A4-6280-47C5-B9B5-D42F7F2A6CD9}.Debug|Any CPU.Build.0 = Debug|Any CPU
		{3C63D2A4-6280-47C5-B9B5-D42F7F2A6CD9}.Release|Any CPU.ActiveCfg = Release|Any CPU
		{3C63D2A4-6280-47C5-B9B5-D42F7F2A6CD9}.Release|Any CPU.Build.0 = Release|Any CPU
		{2FDB81A8-13F7-4C34-8644-836D49B8B7FC}.Debug|Any CPU.ActiveCfg = Debug|Any CPU
		{2FDB81A8-13F7-4C34-8644-836D49B8B7FC}.Debug|Any CPU.Build.0 = Debug|Any CPU
		{2FDB81A8-13F7-4C34-8644-836D49B8B7FC}.Release|Any CPU.ActiveCfg = Release|Any CPU
		{2FDB81A8-13F7-4C34-8644-836D49B8B7FC}.Release|Any CPU.Build.0 = Release|Any CPU
		{09C4001A-7D86-4DB0-A0F8-3139FA88400D}.Debug|Any CPU.ActiveCfg = Debug|Any CPU
		{09C4001A-7D86-4DB0-A0F8-3139FA88400D}.Debug|Any CPU.Build.0 = Debug|Any CPU
		{09C4001A-7D86-4DB0-A0F8-3139FA88400D}.Release|Any CPU.ActiveCfg = Release|Any CPU
		{09C4001A-7D86-4DB0-A0F8-3139FA88400D}.Release|Any CPU.Build.0 = Release|Any CPU
		{766C2C26-A92B-45D6-822E-C0FC37109E3E}.Debug|Any CPU.ActiveCfg = Debug|Any CPU
		{766C2C26-A92B-45D6-822E-C0FC37109E3E}.Debug|Any CPU.Build.0 = Debug|Any CPU
		{766C2C26-A92B-45D6-822E-C0FC37109E3E}.Release|Any CPU.ActiveCfg = Release|Any CPU
		{766C2C26-A92B-45D6-822E-C0FC37109E3E}.Release|Any CPU.Build.0 = Release|Any CPU
		{37869990-73F7-4447-8C38-EDA47A06D9DB}.Debug|Any CPU.ActiveCfg = Debug|Any CPU
		{37869990-73F7-4447-8C38-EDA47A06D9DB}.Debug|Any CPU.Build.0 = Debug|Any CPU
		{37869990-73F7-4447-8C38-EDA47A06D9DB}.Release|Any CPU.ActiveCfg = Release|Any CPU
		{37869990-73F7-4447-8C38-EDA47A06D9DB}.Release|Any CPU.Build.0 = Release|Any CPU
		{E06E56BC-45A7-4F1E-8E85-65F523E410D6}.Debug|Any CPU.ActiveCfg = Debug|Any CPU
		{E06E56BC-45A7-4F1E-8E85-65F523E410D6}.Debug|Any CPU.Build.0 = Debug|Any CPU
		{E06E56BC-45A7-4F1E-8E85-65F523E410D6}.Release|Any CPU.ActiveCfg = Release|Any CPU
		{E06E56BC-45A7-4F1E-8E85-65F523E410D6}.Release|Any CPU.Build.0 = Release|Any CPU
		{39232C63-1E44-422A-9A8B-4A8726AAADD2}.Debug|Any CPU.ActiveCfg = Debug|Any CPU
		{39232C63-1E44-422A-9A8B-4A8726AAADD2}.Debug|Any CPU.Build.0 = Debug|Any CPU
		{39232C63-1E44-422A-9A8B-4A8726AAADD2}.Release|Any CPU.ActiveCfg = Release|Any CPU
		{39232C63-1E44-422A-9A8B-4A8726AAADD2}.Release|Any CPU.Build.0 = Release|Any CPU
		{A4214904-9716-44EC-A0CC-33DE4CEF7FD8}.Debug|Any CPU.ActiveCfg = Debug|Any CPU
		{A4214904-9716-44EC-A0CC-33DE4CEF7FD8}.Debug|Any CPU.Build.0 = Debug|Any CPU
		{A4214904-9716-44EC-A0CC-33DE4CEF7FD8}.Release|Any CPU.ActiveCfg = Release|Any CPU
		{A4214904-9716-44EC-A0CC-33DE4CEF7FD8}.Release|Any CPU.Build.0 = Release|Any CPU
		{0B79451F-23FC-4143-885E-E264539626C8}.Debug|Any CPU.ActiveCfg = Debug|Any CPU
		{0B79451F-23FC-4143-885E-E264539626C8}.Debug|Any CPU.Build.0 = Debug|Any CPU
		{0B79451F-23FC-4143-885E-E264539626C8}.Release|Any CPU.ActiveCfg = Release|Any CPU
		{0B79451F-23FC-4143-885E-E264539626C8}.Release|Any CPU.Build.0 = Release|Any CPU
		{5072F261-1419-4936-B62F-BF75316DB84B}.Debug|Any CPU.ActiveCfg = Debug|Any CPU
		{5072F261-1419-4936-B62F-BF75316DB84B}.Debug|Any CPU.Build.0 = Debug|Any CPU
		{5072F261-1419-4936-B62F-BF75316DB84B}.Release|Any CPU.ActiveCfg = Release|Any CPU
		{5072F261-1419-4936-B62F-BF75316DB84B}.Release|Any CPU.Build.0 = Release|Any CPU
		{026D4598-162D-4EBC-BAD0-57DECE078AF9}.Debug|Any CPU.ActiveCfg = Debug|Any CPU
		{026D4598-162D-4EBC-BAD0-57DECE078AF9}.Debug|Any CPU.Build.0 = Debug|Any CPU
		{026D4598-162D-4EBC-BAD0-57DECE078AF9}.Release|Any CPU.ActiveCfg = Release|Any CPU
		{026D4598-162D-4EBC-BAD0-57DECE078AF9}.Release|Any CPU.Build.0 = Release|Any CPU
		{9117D0DE-2488-4AB6-9F6E-A999D684D966}.Debug|Any CPU.ActiveCfg = Debug|Any CPU
		{9117D0DE-2488-4AB6-9F6E-A999D684D966}.Debug|Any CPU.Build.0 = Debug|Any CPU
		{9117D0DE-2488-4AB6-9F6E-A999D684D966}.Release|Any CPU.ActiveCfg = Release|Any CPU
		{9117D0DE-2488-4AB6-9F6E-A999D684D966}.Release|Any CPU.Build.0 = Release|Any CPU
		{62910631-72BD-4453-9885-8068F919F502}.Debug|Any CPU.ActiveCfg = Debug|Any CPU
		{62910631-72BD-4453-9885-8068F919F502}.Debug|Any CPU.Build.0 = Debug|Any CPU
		{62910631-72BD-4453-9885-8068F919F502}.Release|Any CPU.ActiveCfg = Release|Any CPU
		{62910631-72BD-4453-9885-8068F919F502}.Release|Any CPU.Build.0 = Release|Any CPU
		{57FEE177-75B0-4EFF-9720-7B72B81CC937}.Debug|Any CPU.ActiveCfg = Debug|Any CPU
		{57FEE177-75B0-4EFF-9720-7B72B81CC937}.Debug|Any CPU.Build.0 = Debug|Any CPU
		{57FEE177-75B0-4EFF-9720-7B72B81CC937}.Release|Any CPU.ActiveCfg = Release|Any CPU
		{57FEE177-75B0-4EFF-9720-7B72B81CC937}.Release|Any CPU.Build.0 = Release|Any CPU
		{7D5F5FD4-1106-4BE9-B7FE-1BE70F8AFF7D}.Debug|Any CPU.ActiveCfg = Debug|Any CPU
		{7D5F5FD4-1106-4BE9-B7FE-1BE70F8AFF7D}.Debug|Any CPU.Build.0 = Debug|Any CPU
		{7D5F5FD4-1106-4BE9-B7FE-1BE70F8AFF7D}.Release|Any CPU.ActiveCfg = Release|Any CPU
		{7D5F5FD4-1106-4BE9-B7FE-1BE70F8AFF7D}.Release|Any CPU.Build.0 = Release|Any CPU
		{C127EC22-494D-41E8-A566-05528A0676DF}.Debug|Any CPU.ActiveCfg = Debug|Any CPU
		{C127EC22-494D-41E8-A566-05528A0676DF}.Debug|Any CPU.Build.0 = Debug|Any CPU
		{C127EC22-494D-41E8-A566-05528A0676DF}.Release|Any CPU.ActiveCfg = Release|Any CPU
		{C127EC22-494D-41E8-A566-05528A0676DF}.Release|Any CPU.Build.0 = Release|Any CPU
		{EB74F387-A962-4595-A051-C4933E8B4BD5}.Debug|Any CPU.ActiveCfg = Debug|Any CPU
		{EB74F387-A962-4595-A051-C4933E8B4BD5}.Debug|Any CPU.Build.0 = Debug|Any CPU
		{EB74F387-A962-4595-A051-C4933E8B4BD5}.Release|Any CPU.ActiveCfg = Release|Any CPU
		{EB74F387-A962-4595-A051-C4933E8B4BD5}.Release|Any CPU.Build.0 = Release|Any CPU
		{C8730463-56BB-4E1D-8E77-4F3DD48D0A1B}.Debug|Any CPU.ActiveCfg = Debug|Any CPU
		{C8730463-56BB-4E1D-8E77-4F3DD48D0A1B}.Debug|Any CPU.Build.0 = Debug|Any CPU
		{C8730463-56BB-4E1D-8E77-4F3DD48D0A1B}.Release|Any CPU.ActiveCfg = Release|Any CPU
		{C8730463-56BB-4E1D-8E77-4F3DD48D0A1B}.Release|Any CPU.Build.0 = Release|Any CPU
		{D253220D-0C7C-42DB-93C8-3AD06CCC01F5}.Debug|Any CPU.ActiveCfg = Debug|Any CPU
		{D253220D-0C7C-42DB-93C8-3AD06CCC01F5}.Debug|Any CPU.Build.0 = Debug|Any CPU
		{D253220D-0C7C-42DB-93C8-3AD06CCC01F5}.Release|Any CPU.ActiveCfg = Release|Any CPU
		{D253220D-0C7C-42DB-93C8-3AD06CCC01F5}.Release|Any CPU.Build.0 = Release|Any CPU
		{574B7423-42F7-4D53-B977-A6C1FB412B4E}.Debug|Any CPU.ActiveCfg = Debug|Any CPU
		{574B7423-42F7-4D53-B977-A6C1FB412B4E}.Debug|Any CPU.Build.0 = Debug|Any CPU
		{574B7423-42F7-4D53-B977-A6C1FB412B4E}.Release|Any CPU.ActiveCfg = Release|Any CPU
		{574B7423-42F7-4D53-B977-A6C1FB412B4E}.Release|Any CPU.Build.0 = Release|Any CPU
		{AA7316EA-0B41-4C65-A0D0-72AFEA261269}.Debug|Any CPU.ActiveCfg = Debug|Any CPU
		{AA7316EA-0B41-4C65-A0D0-72AFEA261269}.Debug|Any CPU.Build.0 = Debug|Any CPU
		{AA7316EA-0B41-4C65-A0D0-72AFEA261269}.Release|Any CPU.ActiveCfg = Release|Any CPU
		{AA7316EA-0B41-4C65-A0D0-72AFEA261269}.Release|Any CPU.Build.0 = Release|Any CPU
		{C9F53E04-C82E-4539-8C09-3A58ED946551}.Debug|Any CPU.ActiveCfg = Debug|Any CPU
		{C9F53E04-C82E-4539-8C09-3A58ED946551}.Debug|Any CPU.Build.0 = Debug|Any CPU
		{C9F53E04-C82E-4539-8C09-3A58ED946551}.Release|Any CPU.ActiveCfg = Release|Any CPU
		{C9F53E04-C82E-4539-8C09-3A58ED946551}.Release|Any CPU.Build.0 = Release|Any CPU
		{A49266FE-3ED6-40DE-BC82-B837AAD49E1E}.Debug|Any CPU.ActiveCfg = Debug|Any CPU
		{A49266FE-3ED6-40DE-BC82-B837AAD49E1E}.Debug|Any CPU.Build.0 = Debug|Any CPU
		{A49266FE-3ED6-40DE-BC82-B837AAD49E1E}.Release|Any CPU.ActiveCfg = Release|Any CPU
		{A49266FE-3ED6-40DE-BC82-B837AAD49E1E}.Release|Any CPU.Build.0 = Release|Any CPU
		{63102644-D308-4BA5-982E-506E12BC450F}.Debug|Any CPU.ActiveCfg = Debug|Any CPU
		{63102644-D308-4BA5-982E-506E12BC450F}.Debug|Any CPU.Build.0 = Debug|Any CPU
		{63102644-D308-4BA5-982E-506E12BC450F}.Release|Any CPU.ActiveCfg = Release|Any CPU
		{63102644-D308-4BA5-982E-506E12BC450F}.Release|Any CPU.Build.0 = Release|Any CPU
		{76115621-78AF-429B-AF57-9778B87AFE85}.Debug|Any CPU.ActiveCfg = Debug|Any CPU
		{76115621-78AF-429B-AF57-9778B87AFE85}.Debug|Any CPU.Build.0 = Debug|Any CPU
		{76115621-78AF-429B-AF57-9778B87AFE85}.Release|Any CPU.ActiveCfg = Release|Any CPU
		{76115621-78AF-429B-AF57-9778B87AFE85}.Release|Any CPU.Build.0 = Release|Any CPU
		{4E4E9C8A-1281-4FB8-BC48-E99FC475AF31}.Debug|Any CPU.ActiveCfg = Debug|Any CPU
		{4E4E9C8A-1281-4FB8-BC48-E99FC475AF31}.Debug|Any CPU.Build.0 = Debug|Any CPU
		{4E4E9C8A-1281-4FB8-BC48-E99FC475AF31}.Release|Any CPU.ActiveCfg = Release|Any CPU
		{4E4E9C8A-1281-4FB8-BC48-E99FC475AF31}.Release|Any CPU.Build.0 = Release|Any CPU
		{D069C877-6F4C-42FF-A311-D46EBF32CD7E}.Debug|Any CPU.ActiveCfg = Debug|Any CPU
		{D069C877-6F4C-42FF-A311-D46EBF32CD7E}.Debug|Any CPU.Build.0 = Debug|Any CPU
		{D069C877-6F4C-42FF-A311-D46EBF32CD7E}.Release|Any CPU.ActiveCfg = Release|Any CPU
		{D069C877-6F4C-42FF-A311-D46EBF32CD7E}.Release|Any CPU.Build.0 = Release|Any CPU
		{C804FF95-6577-407B-A199-FA8AD3BDDEF8}.Debug|Any CPU.ActiveCfg = Debug|Any CPU
		{C804FF95-6577-407B-A199-FA8AD3BDDEF8}.Debug|Any CPU.Build.0 = Debug|Any CPU
		{C804FF95-6577-407B-A199-FA8AD3BDDEF8}.Release|Any CPU.ActiveCfg = Release|Any CPU
		{C804FF95-6577-407B-A199-FA8AD3BDDEF8}.Release|Any CPU.Build.0 = Release|Any CPU
		{4B1B862B-AA00-48A1-B806-424689173863}.Debug|Any CPU.ActiveCfg = Debug|Any CPU
		{4B1B862B-AA00-48A1-B806-424689173863}.Debug|Any CPU.Build.0 = Debug|Any CPU
		{4B1B862B-AA00-48A1-B806-424689173863}.Release|Any CPU.ActiveCfg = Release|Any CPU
		{4B1B862B-AA00-48A1-B806-424689173863}.Release|Any CPU.Build.0 = Release|Any CPU
		{AE529EDE-3D2F-4A49-B0A1-81BC838008CB}.Debug|Any CPU.ActiveCfg = Debug|Any CPU
		{AE529EDE-3D2F-4A49-B0A1-81BC838008CB}.Debug|Any CPU.Build.0 = Debug|Any CPU
		{AE529EDE-3D2F-4A49-B0A1-81BC838008CB}.Release|Any CPU.ActiveCfg = Release|Any CPU
		{AE529EDE-3D2F-4A49-B0A1-81BC838008CB}.Release|Any CPU.Build.0 = Release|Any CPU
		{B557CD54-35F3-4003-A6EE-CF1F3EDFA76E}.Debug|Any CPU.ActiveCfg = Debug|Any CPU
		{B557CD54-35F3-4003-A6EE-CF1F3EDFA76E}.Debug|Any CPU.Build.0 = Debug|Any CPU
		{B557CD54-35F3-4003-A6EE-CF1F3EDFA76E}.Release|Any CPU.ActiveCfg = Release|Any CPU
		{B557CD54-35F3-4003-A6EE-CF1F3EDFA76E}.Release|Any CPU.Build.0 = Release|Any CPU
		{3D9A8549-A7A8-4DF9-829E-AEAE7ECACACA}.Debug|Any CPU.ActiveCfg = Debug|Any CPU
		{3D9A8549-A7A8-4DF9-829E-AEAE7ECACACA}.Debug|Any CPU.Build.0 = Debug|Any CPU
		{3D9A8549-A7A8-4DF9-829E-AEAE7ECACACA}.Release|Any CPU.ActiveCfg = Release|Any CPU
		{3D9A8549-A7A8-4DF9-829E-AEAE7ECACACA}.Release|Any CPU.Build.0 = Release|Any CPU
		{D0984924-8F65-476E-A466-5E7972916D13}.Debug|Any CPU.ActiveCfg = Debug|Any CPU
		{D0984924-8F65-476E-A466-5E7972916D13}.Debug|Any CPU.Build.0 = Debug|Any CPU
		{D0984924-8F65-476E-A466-5E7972916D13}.Release|Any CPU.ActiveCfg = Release|Any CPU
		{D0984924-8F65-476E-A466-5E7972916D13}.Release|Any CPU.Build.0 = Release|Any CPU
		{2F8F5E75-7278-4DDC-AD49-5CEF4E14CA8C}.Debug|Any CPU.ActiveCfg = Debug|Any CPU
		{2F8F5E75-7278-4DDC-AD49-5CEF4E14CA8C}.Debug|Any CPU.Build.0 = Debug|Any CPU
		{2F8F5E75-7278-4DDC-AD49-5CEF4E14CA8C}.Release|Any CPU.ActiveCfg = Release|Any CPU
		{2F8F5E75-7278-4DDC-AD49-5CEF4E14CA8C}.Release|Any CPU.Build.0 = Release|Any CPU
		{F3891DCE-A41F-4ECB-A9E3-C46352DDDBD6}.Debug|Any CPU.ActiveCfg = Debug|Any CPU
		{F3891DCE-A41F-4ECB-A9E3-C46352DDDBD6}.Debug|Any CPU.Build.0 = Debug|Any CPU
		{F3891DCE-A41F-4ECB-A9E3-C46352DDDBD6}.Release|Any CPU.ActiveCfg = Release|Any CPU
		{F3891DCE-A41F-4ECB-A9E3-C46352DDDBD6}.Release|Any CPU.Build.0 = Release|Any CPU
		{B6734621-322A-4D04-8886-7C724577B408}.Debug|Any CPU.ActiveCfg = Debug|Any CPU
		{B6734621-322A-4D04-8886-7C724577B408}.Debug|Any CPU.Build.0 = Debug|Any CPU
		{B6734621-322A-4D04-8886-7C724577B408}.Release|Any CPU.ActiveCfg = Release|Any CPU
		{B6734621-322A-4D04-8886-7C724577B408}.Release|Any CPU.Build.0 = Release|Any CPU
		{A8003C7C-BDB7-4CE8-A934-0755EA19E9E1}.Debug|Any CPU.ActiveCfg = Debug|Any CPU
		{A8003C7C-BDB7-4CE8-A934-0755EA19E9E1}.Debug|Any CPU.Build.0 = Debug|Any CPU
		{A8003C7C-BDB7-4CE8-A934-0755EA19E9E1}.Release|Any CPU.ActiveCfg = Release|Any CPU
		{A8003C7C-BDB7-4CE8-A934-0755EA19E9E1}.Release|Any CPU.Build.0 = Release|Any CPU
		{C4C64BDC-4ACA-499B-A05B-449293B40485}.Debug|Any CPU.ActiveCfg = Debug|Any CPU
		{C4C64BDC-4ACA-499B-A05B-449293B40485}.Debug|Any CPU.Build.0 = Debug|Any CPU
		{C4C64BDC-4ACA-499B-A05B-449293B40485}.Release|Any CPU.ActiveCfg = Release|Any CPU
		{C4C64BDC-4ACA-499B-A05B-449293B40485}.Release|Any CPU.Build.0 = Release|Any CPU
		{47780C54-7F43-4137-8284-AEE72FF538EB}.Debug|Any CPU.ActiveCfg = Debug|Any CPU
		{47780C54-7F43-4137-8284-AEE72FF538EB}.Debug|Any CPU.Build.0 = Debug|Any CPU
		{47780C54-7F43-4137-8284-AEE72FF538EB}.Release|Any CPU.ActiveCfg = Release|Any CPU
		{47780C54-7F43-4137-8284-AEE72FF538EB}.Release|Any CPU.Build.0 = Release|Any CPU
		{DAD31717-29CC-4AC5-9DC3-BAD56B24D0C6}.Debug|Any CPU.ActiveCfg = Debug|Any CPU
		{DAD31717-29CC-4AC5-9DC3-BAD56B24D0C6}.Debug|Any CPU.Build.0 = Debug|Any CPU
		{DAD31717-29CC-4AC5-9DC3-BAD56B24D0C6}.Release|Any CPU.ActiveCfg = Release|Any CPU
		{DAD31717-29CC-4AC5-9DC3-BAD56B24D0C6}.Release|Any CPU.Build.0 = Release|Any CPU
		{77358BAB-7958-4300-A54E-9B0376E35CE7}.Debug|Any CPU.ActiveCfg = Debug|Any CPU
		{77358BAB-7958-4300-A54E-9B0376E35CE7}.Debug|Any CPU.Build.0 = Debug|Any CPU
		{77358BAB-7958-4300-A54E-9B0376E35CE7}.Release|Any CPU.ActiveCfg = Release|Any CPU
		{77358BAB-7958-4300-A54E-9B0376E35CE7}.Release|Any CPU.Build.0 = Release|Any CPU
		{A2404EC3-1F6B-4D4F-8E24-9119D8CBDE20}.Debug|Any CPU.ActiveCfg = Debug|Any CPU
		{A2404EC3-1F6B-4D4F-8E24-9119D8CBDE20}.Debug|Any CPU.Build.0 = Debug|Any CPU
		{A2404EC3-1F6B-4D4F-8E24-9119D8CBDE20}.Release|Any CPU.ActiveCfg = Release|Any CPU
		{A2404EC3-1F6B-4D4F-8E24-9119D8CBDE20}.Release|Any CPU.Build.0 = Release|Any CPU
		{FEA74CF7-4543-4DB6-86AE-6608E923DAF0}.Debug|Any CPU.ActiveCfg = Debug|Any CPU
		{FEA74CF7-4543-4DB6-86AE-6608E923DAF0}.Debug|Any CPU.Build.0 = Debug|Any CPU
		{FEA74CF7-4543-4DB6-86AE-6608E923DAF0}.Release|Any CPU.ActiveCfg = Release|Any CPU
		{FEA74CF7-4543-4DB6-86AE-6608E923DAF0}.Release|Any CPU.Build.0 = Release|Any CPU
		{B9B7C304-B100-4CB1-A489-E87E8B3D34D1}.Debug|Any CPU.ActiveCfg = Debug|Any CPU
		{B9B7C304-B100-4CB1-A489-E87E8B3D34D1}.Debug|Any CPU.Build.0 = Debug|Any CPU
		{B9B7C304-B100-4CB1-A489-E87E8B3D34D1}.Release|Any CPU.ActiveCfg = Release|Any CPU
		{B9B7C304-B100-4CB1-A489-E87E8B3D34D1}.Release|Any CPU.Build.0 = Release|Any CPU
		{9BF41B1B-558B-496A-9CE2-6D34199F6297}.Debug|Any CPU.ActiveCfg = Debug|Any CPU
		{9BF41B1B-558B-496A-9CE2-6D34199F6297}.Debug|Any CPU.Build.0 = Debug|Any CPU
		{9BF41B1B-558B-496A-9CE2-6D34199F6297}.Release|Any CPU.ActiveCfg = Release|Any CPU
		{9BF41B1B-558B-496A-9CE2-6D34199F6297}.Release|Any CPU.Build.0 = Release|Any CPU
		{CA1A50E4-3B3E-4E2A-B326-BC353590B1D9}.Debug|Any CPU.ActiveCfg = Debug|Any CPU
		{CA1A50E4-3B3E-4E2A-B326-BC353590B1D9}.Debug|Any CPU.Build.0 = Debug|Any CPU
		{CA1A50E4-3B3E-4E2A-B326-BC353590B1D9}.Release|Any CPU.ActiveCfg = Release|Any CPU
		{CA1A50E4-3B3E-4E2A-B326-BC353590B1D9}.Release|Any CPU.Build.0 = Release|Any CPU
		{5FE8AD75-B070-4A7F-9587-C40EE51BDD44}.Debug|Any CPU.ActiveCfg = Debug|Any CPU
		{5FE8AD75-B070-4A7F-9587-C40EE51BDD44}.Debug|Any CPU.Build.0 = Debug|Any CPU
		{5FE8AD75-B070-4A7F-9587-C40EE51BDD44}.Release|Any CPU.ActiveCfg = Release|Any CPU
		{5FE8AD75-B070-4A7F-9587-C40EE51BDD44}.Release|Any CPU.Build.0 = Release|Any CPU
		{DBC7E04D-C789-45BD-92AD-2ABFEAA374DC}.Debug|Any CPU.ActiveCfg = Debug|Any CPU
		{DBC7E04D-C789-45BD-92AD-2ABFEAA374DC}.Debug|Any CPU.Build.0 = Debug|Any CPU
		{DBC7E04D-C789-45BD-92AD-2ABFEAA374DC}.Release|Any CPU.ActiveCfg = Release|Any CPU
		{DBC7E04D-C789-45BD-92AD-2ABFEAA374DC}.Release|Any CPU.Build.0 = Release|Any CPU
	EndGlobalSection
	GlobalSection(SolutionProperties) = preSolution
		HideSolutionNode = FALSE
	EndGlobalSection
	GlobalSection(NestedProjects) = preSolution
		{A0166329-790A-4C28-9D3A-F68A9DC30604} = {DC975406-ABB0-4A1B-B12E-207EBA6C294D}
		{3C63D2A4-6280-47C5-B9B5-D42F7F2A6CD9} = {DC975406-ABB0-4A1B-B12E-207EBA6C294D}
		{2FDB81A8-13F7-4C34-8644-836D49B8B7FC} = {3EA90A11-7E79-4318-8E2E-F2200FA0EA44}
		{09C4001A-7D86-4DB0-A0F8-3139FA88400D} = {3EA90A11-7E79-4318-8E2E-F2200FA0EA44}
		{766C2C26-A92B-45D6-822E-C0FC37109E3E} = {DC975406-ABB0-4A1B-B12E-207EBA6C294D}
		{37869990-73F7-4447-8C38-EDA47A06D9DB} = {DC975406-ABB0-4A1B-B12E-207EBA6C294D}
		{E06E56BC-45A7-4F1E-8E85-65F523E410D6} = {CC669D7A-765F-4B8C-A5A9-B653CD4A09F7}
		{39232C63-1E44-422A-9A8B-4A8726AAADD2} = {DC975406-ABB0-4A1B-B12E-207EBA6C294D}
		{A4214904-9716-44EC-A0CC-33DE4CEF7FD8} = {CC669D7A-765F-4B8C-A5A9-B653CD4A09F7}
		{0B79451F-23FC-4143-885E-E264539626C8} = {32F28C79-FDD5-453B-8B66-29CC91D149A6}
		{5072F261-1419-4936-B62F-BF75316DB84B} = {32F28C79-FDD5-453B-8B66-29CC91D149A6}
		{026D4598-162D-4EBC-BAD0-57DECE078AF9} = {32F28C79-FDD5-453B-8B66-29CC91D149A6}
		{9117D0DE-2488-4AB6-9F6E-A999D684D966} = {32F28C79-FDD5-453B-8B66-29CC91D149A6}
		{62910631-72BD-4453-9885-8068F919F502} = {32F28C79-FDD5-453B-8B66-29CC91D149A6}
		{57FEE177-75B0-4EFF-9720-7B72B81CC937} = {32F28C79-FDD5-453B-8B66-29CC91D149A6}
		{7D5F5FD4-1106-4BE9-B7FE-1BE70F8AFF7D} = {32F28C79-FDD5-453B-8B66-29CC91D149A6}
		{C127EC22-494D-41E8-A566-05528A0676DF} = {32F28C79-FDD5-453B-8B66-29CC91D149A6}
		{EB74F387-A962-4595-A051-C4933E8B4BD5} = {32F28C79-FDD5-453B-8B66-29CC91D149A6}
		{C8730463-56BB-4E1D-8E77-4F3DD48D0A1B} = {32F28C79-FDD5-453B-8B66-29CC91D149A6}
		{32F28C79-FDD5-453B-8B66-29CC91D149A6} = {B6E0F8EE-8461-43D8-8CF8-DCDC466986D6}
		{DC975406-ABB0-4A1B-B12E-207EBA6C294D} = {B6E0F8EE-8461-43D8-8CF8-DCDC466986D6}
		{414969DC-BFF8-4953-B5AF-EEFB1554DA54} = {B6E0F8EE-8461-43D8-8CF8-DCDC466986D6}
		{3EA90A11-7E79-4318-8E2E-F2200FA0EA44} = {B6E0F8EE-8461-43D8-8CF8-DCDC466986D6}
		{D253220D-0C7C-42DB-93C8-3AD06CCC01F5} = {32F28C79-FDD5-453B-8B66-29CC91D149A6}
		{574B7423-42F7-4D53-B977-A6C1FB412B4E} = {32F28C79-FDD5-453B-8B66-29CC91D149A6}
		{AA7316EA-0B41-4C65-A0D0-72AFEA261269} = {32F28C79-FDD5-453B-8B66-29CC91D149A6}
		{C9F53E04-C82E-4539-8C09-3A58ED946551} = {32F28C79-FDD5-453B-8B66-29CC91D149A6}
		{E3CA4C6B-5191-490A-8C88-F5FDE7F43468} = {B6E0F8EE-8461-43D8-8CF8-DCDC466986D6}
		{A49266FE-3ED6-40DE-BC82-B837AAD49E1E} = {E3CA4C6B-5191-490A-8C88-F5FDE7F43468}
		{63102644-D308-4BA5-982E-506E12BC450F} = {E3CA4C6B-5191-490A-8C88-F5FDE7F43468}
		{76115621-78AF-429B-AF57-9778B87AFE85} = {E3CA4C6B-5191-490A-8C88-F5FDE7F43468}
		{4E4E9C8A-1281-4FB8-BC48-E99FC475AF31} = {E3CA4C6B-5191-490A-8C88-F5FDE7F43468}
		{D069C877-6F4C-42FF-A311-D46EBF32CD7E} = {E3CA4C6B-5191-490A-8C88-F5FDE7F43468}
		{AE529EDE-3D2F-4A49-B0A1-81BC838008CB} = {2186C702-7914-4B36-B49D-9C0ED5F502E1}
		{B557CD54-35F3-4003-A6EE-CF1F3EDFA76E} = {2186C702-7914-4B36-B49D-9C0ED5F502E1}
		{3D9A8549-A7A8-4DF9-829E-AEAE7ECACACA} = {414969DC-BFF8-4953-B5AF-EEFB1554DA54}
		{D0984924-8F65-476E-A466-5E7972916D13} = {414969DC-BFF8-4953-B5AF-EEFB1554DA54}
		{2F8F5E75-7278-4DDC-AD49-5CEF4E14CA8C} = {414969DC-BFF8-4953-B5AF-EEFB1554DA54}
		{F3891DCE-A41F-4ECB-A9E3-C46352DDDBD6} = {414969DC-BFF8-4953-B5AF-EEFB1554DA54}
		{B6734621-322A-4D04-8886-7C724577B408} = {414969DC-BFF8-4953-B5AF-EEFB1554DA54}
		{A8003C7C-BDB7-4CE8-A934-0755EA19E9E1} = {414969DC-BFF8-4953-B5AF-EEFB1554DA54}
		{47780C54-7F43-4137-8284-AEE72FF538EB} = {B6E0F8EE-8461-43D8-8CF8-DCDC466986D6}
		{DAD31717-29CC-4AC5-9DC3-BAD56B24D0C6} = {B6E0F8EE-8461-43D8-8CF8-DCDC466986D6}
		{77358BAB-7958-4300-A54E-9B0376E35CE7} = {B6E0F8EE-8461-43D8-8CF8-DCDC466986D6}
		{A2404EC3-1F6B-4D4F-8E24-9119D8CBDE20} = {3EA90A11-7E79-4318-8E2E-F2200FA0EA44}
		{FEA74CF7-4543-4DB6-86AE-6608E923DAF0} = {3EA90A11-7E79-4318-8E2E-F2200FA0EA44}
		{B9B7C304-B100-4CB1-A489-E87E8B3D34D1} = {32F28C79-FDD5-453B-8B66-29CC91D149A6}
		{9BF41B1B-558B-496A-9CE2-6D34199F6297} = {B6E0F8EE-8461-43D8-8CF8-DCDC466986D6}
		{CA1A50E4-3B3E-4E2A-B326-BC353590B1D9} = {B6E0F8EE-8461-43D8-8CF8-DCDC466986D6}
		{5FE8AD75-B070-4A7F-9587-C40EE51BDD44} = {CC669D7A-765F-4B8C-A5A9-B653CD4A09F7}
	EndGlobalSection
	GlobalSection(ExtensibilityGlobals) = postSolution
		SolutionGuid = {DF0CF43D-129E-432C-925D-5B8A88020FF4}
	EndGlobalSection
EndGlobal
