
Microsoft Visual Studio Solution File, Format Version 11.00
# Visual Studio 2010
Project("{FAE04EC0-301F-11D3-BF4B-00C04F79EFBC}") = "ConsoleApplicationMSMQ", "ConsoleApplicationMSMQ\ConsoleApplicationMSMQ.csproj", "{457FF1D8-DD13-46A9-9A1B-EFBDE219259D}"
EndProject
Global
	GlobalSection(SourceCodeControl) = preSolution
		SccNumberOfProjects = 2
		SccLocalPath0 = .
		SccProjectUniqueName1 = ConsoleApplicationMSMQ\\ConsoleApplicationMSMQ.csproj
		SccLocalPath1 = .
		SccProjectFilePathRelativizedFromConnection1 = ConsoleApplicationMSMQ\\
	EndGlobalSection
	GlobalSection(SolutionConfigurationPlatforms) = preSolution
		Debug|x86 = Debug|x86
		Release|x86 = Release|x86
	EndGlobalSection
	GlobalSection(ProjectConfigurationPlatforms) = postSolution
		{457FF1D8-DD13-46A9-9A1B-EFBDE219259D}.Debug|x86.ActiveCfg = Debug|x86
		{457FF1D8-DD13-46A9-9A1B-EFBDE219259D}.Debug|x86.Build.0 = Debug|x86
		{457FF1D8-DD13-46A9-9A1B-EFBDE219259D}.Release|x86.ActiveCfg = Release|x86
		{457FF1D8-DD13-46A9-9A1B-EFBDE219259D}.Release|x86.Build.0 = Release|x86
	EndGlobalSection
	GlobalSection(SolutionProperties) = preSolution
		HideSolutionNode = FALSE
	EndGlobalSection
EndGlobal
