
Microsoft Visual Studio Solution File, Format Version 12.00
# Visual Studio Version 16
VisualStudioVersion = 16.0.30717.126
MinimumVisualStudioVersion = 10.0.40219.1
Project("{2150E333-8FDC-42A3-9474-1A3956D46DE8}") = "Application", "Application", "{789CFF50-26F5-4CBB-AC1B-A0A3F8458AF7}"
EndProject
Project("{2150E333-8FDC-42A3-9474-1A3956D46DE8}") = "ApplicationServices", "ApplicationServices", "{84B74631-C03B-44D2-8C0F-581B2349F577}"
EndProject
Project("{2150E333-8FDC-42A3-9474-1A3956D46DE8}") = "Infrastructure", "Infrastructure", "{CC90953C-591B-40F8-8227-7D4CBE3BF3EE}"
EndProject
Project("{2150E333-8FDC-42A3-9474-1A3956D46DE8}") = "Domain", "Domain", "{C009EBAA-9DEA-478F-B19D-2D7B21A0D4BA}"
EndProject
Project("{2150E333-8FDC-42A3-9474-1A3956D46DE8}") = "DomainServices", "DomainServices", "{7005D8E2-CEA1-4763-8E90-031109CC9AAD}"
EndProject
Project("{2150E333-8FDC-42A3-9474-1A3956D46DE8}") = "Presentation", "Presentation", "{55A5782C-8A44-4B4F-9BDE-2BCBFDA94021}"
EndProject
Project("{2150E333-8FDC-42A3-9474-1A3956D46DE8}") = "Persistence", "Persistence", "{282FA50F-15BF-476A-AAD2-5F8E8C09ED98}"
EndProject
Project("{FAE04EC0-301F-11D3-BF4B-00C04F79EFBC}") = "FriendOrganizer.Domain", "FriendOrganizer.Domain\FriendOrganizer.Domain.csproj", "{7B947978-3A26-4B09-8D83-497774BCDF6E}"
EndProject
Project("{FAE04EC0-301F-11D3-BF4B-00C04F79EFBC}") = "FriendOrganizer.DomainServices", "FriendOrganizer.DomainServices.FriendDataService\FriendOrganizer.DomainServices.csproj", "{06AD7ABC-115A-4F86-A001-57D5D2518AE8}"
EndProject
Project("{FAE04EC0-301F-11D3-BF4B-00C04F79EFBC}") = "VNCExplore_FriendOrganizer.Core", "VNCExplore_FriendOrganizer.Core\VNCExplore_FriendOrganizer.Core.csproj", "{190C9FB3-0FC6-4415-A62C-5557B858CF74}"
EndProject
Project("{FAE04EC0-301F-11D3-BF4B-00C04F79EFBC}") = "FriendOrganizer.DataAccess", "FriendOrganizer.DataAccess\FriendOrganizer.DataAccess.csproj", "{5B58C834-CFE3-4802-AC30-5EEA34D61491}"
EndProject
Project("{FAE04EC0-301F-11D3-BF4B-00C04F79EFBC}") = "VNCExplore_FriendOrganizer", "VNCExplore_FriendOrganizer\VNCExplore_FriendOrganizer.csproj", "{40E01232-E73C-488E-9504-24C96F64E5C5}"
EndProject
Project("{FAE04EC0-301F-11D3-BF4B-00C04F79EFBC}") = "FriendOrganizer.Presentation.Friend", "FriendOrganizer.Presentation.Friend\FriendOrganizer.Presentation.Friend.csproj", "{249873CC-CDC2-47AF-BC20-BF0B7722D2CF}"
EndProject
Project("{FAE04EC0-301F-11D3-BF4B-00C04F79EFBC}") = "VNC.LoggingNF", "..\..\..\vnc\VNC.Logging\VNC.Logging\VNC.LoggingNF.csproj", "{0A14CB8D-94E2-4BD4-BAB3-1DC242D49F03}"
EndProject
Project("{FAE04EC0-301F-11D3-BF4B-00C04F79EFBC}") = "VNC.CoreNF", "..\..\..\vnc\VNC.Core\VNC.CoreNF.csproj", "{C4E954D3-2A7A-48D2-B212-8B9A96BFEB4F}"
EndProject
Global
	GlobalSection(SolutionConfigurationPlatforms) = preSolution
		Debug|Any CPU = Debug|Any CPU
		Debug|x64 = Debug|x64
		Debug|x86 = Debug|x86
		Release|Any CPU = Release|Any CPU
		Release|x64 = Release|x64
		Release|x86 = Release|x86
	EndGlobalSection
	GlobalSection(ProjectConfigurationPlatforms) = postSolution
		{7B947978-3A26-4B09-8D83-497774BCDF6E}.Debug|Any CPU.ActiveCfg = Debug|Any CPU
		{7B947978-3A26-4B09-8D83-497774BCDF6E}.Debug|Any CPU.Build.0 = Debug|Any CPU
		{7B947978-3A26-4B09-8D83-497774BCDF6E}.Debug|x64.ActiveCfg = Debug|Any CPU
		{7B947978-3A26-4B09-8D83-497774BCDF6E}.Debug|x64.Build.0 = Debug|Any CPU
		{7B947978-3A26-4B09-8D83-497774BCDF6E}.Debug|x86.ActiveCfg = Debug|Any CPU
		{7B947978-3A26-4B09-8D83-497774BCDF6E}.Debug|x86.Build.0 = Debug|Any CPU
		{7B947978-3A26-4B09-8D83-497774BCDF6E}.Release|Any CPU.ActiveCfg = Release|Any CPU
		{7B947978-3A26-4B09-8D83-497774BCDF6E}.Release|Any CPU.Build.0 = Release|Any CPU
		{7B947978-3A26-4B09-8D83-497774BCDF6E}.Release|x64.ActiveCfg = Release|Any CPU
		{7B947978-3A26-4B09-8D83-497774BCDF6E}.Release|x64.Build.0 = Release|Any CPU
		{7B947978-3A26-4B09-8D83-497774BCDF6E}.Release|x86.ActiveCfg = Release|Any CPU
		{7B947978-3A26-4B09-8D83-497774BCDF6E}.Release|x86.Build.0 = Release|Any CPU
		{06AD7ABC-115A-4F86-A001-57D5D2518AE8}.Debug|Any CPU.ActiveCfg = Debug|Any CPU
		{06AD7ABC-115A-4F86-A001-57D5D2518AE8}.Debug|Any CPU.Build.0 = Debug|Any CPU
		{06AD7ABC-115A-4F86-A001-57D5D2518AE8}.Debug|x64.ActiveCfg = Debug|Any CPU
		{06AD7ABC-115A-4F86-A001-57D5D2518AE8}.Debug|x64.Build.0 = Debug|Any CPU
		{06AD7ABC-115A-4F86-A001-57D5D2518AE8}.Debug|x86.ActiveCfg = Debug|Any CPU
		{06AD7ABC-115A-4F86-A001-57D5D2518AE8}.Debug|x86.Build.0 = Debug|Any CPU
		{06AD7ABC-115A-4F86-A001-57D5D2518AE8}.Release|Any CPU.ActiveCfg = Release|Any CPU
		{06AD7ABC-115A-4F86-A001-57D5D2518AE8}.Release|Any CPU.Build.0 = Release|Any CPU
		{06AD7ABC-115A-4F86-A001-57D5D2518AE8}.Release|x64.ActiveCfg = Release|Any CPU
		{06AD7ABC-115A-4F86-A001-57D5D2518AE8}.Release|x64.Build.0 = Release|Any CPU
		{06AD7ABC-115A-4F86-A001-57D5D2518AE8}.Release|x86.ActiveCfg = Release|Any CPU
		{06AD7ABC-115A-4F86-A001-57D5D2518AE8}.Release|x86.Build.0 = Release|Any CPU
		{190C9FB3-0FC6-4415-A62C-5557B858CF74}.Debug|Any CPU.ActiveCfg = Debug|Any CPU
		{190C9FB3-0FC6-4415-A62C-5557B858CF74}.Debug|Any CPU.Build.0 = Debug|Any CPU
		{190C9FB3-0FC6-4415-A62C-5557B858CF74}.Debug|x64.ActiveCfg = Debug|Any CPU
		{190C9FB3-0FC6-4415-A62C-5557B858CF74}.Debug|x64.Build.0 = Debug|Any CPU
		{190C9FB3-0FC6-4415-A62C-5557B858CF74}.Debug|x86.ActiveCfg = Debug|Any CPU
		{190C9FB3-0FC6-4415-A62C-5557B858CF74}.Debug|x86.Build.0 = Debug|Any CPU
		{190C9FB3-0FC6-4415-A62C-5557B858CF74}.Release|Any CPU.ActiveCfg = Release|Any CPU
		{190C9FB3-0FC6-4415-A62C-5557B858CF74}.Release|Any CPU.Build.0 = Release|Any CPU
		{190C9FB3-0FC6-4415-A62C-5557B858CF74}.Release|x64.ActiveCfg = Release|Any CPU
		{190C9FB3-0FC6-4415-A62C-5557B858CF74}.Release|x64.Build.0 = Release|Any CPU
		{190C9FB3-0FC6-4415-A62C-5557B858CF74}.Release|x86.ActiveCfg = Release|Any CPU
		{190C9FB3-0FC6-4415-A62C-5557B858CF74}.Release|x86.Build.0 = Release|Any CPU
		{5B58C834-CFE3-4802-AC30-5EEA34D61491}.Debug|Any CPU.ActiveCfg = Debug|Any CPU
		{5B58C834-CFE3-4802-AC30-5EEA34D61491}.Debug|Any CPU.Build.0 = Debug|Any CPU
		{5B58C834-CFE3-4802-AC30-5EEA34D61491}.Debug|x64.ActiveCfg = Debug|Any CPU
		{5B58C834-CFE3-4802-AC30-5EEA34D61491}.Debug|x64.Build.0 = Debug|Any CPU
		{5B58C834-CFE3-4802-AC30-5EEA34D61491}.Debug|x86.ActiveCfg = Debug|Any CPU
		{5B58C834-CFE3-4802-AC30-5EEA34D61491}.Debug|x86.Build.0 = Debug|Any CPU
		{5B58C834-CFE3-4802-AC30-5EEA34D61491}.Release|Any CPU.ActiveCfg = Release|Any CPU
		{5B58C834-CFE3-4802-AC30-5EEA34D61491}.Release|Any CPU.Build.0 = Release|Any CPU
		{5B58C834-CFE3-4802-AC30-5EEA34D61491}.Release|x64.ActiveCfg = Release|Any CPU
		{5B58C834-CFE3-4802-AC30-5EEA34D61491}.Release|x64.Build.0 = Release|Any CPU
		{5B58C834-CFE3-4802-AC30-5EEA34D61491}.Release|x86.ActiveCfg = Release|Any CPU
		{5B58C834-CFE3-4802-AC30-5EEA34D61491}.Release|x86.Build.0 = Release|Any CPU
		{40E01232-E73C-488E-9504-24C96F64E5C5}.Debug|Any CPU.ActiveCfg = Debug|Any CPU
		{40E01232-E73C-488E-9504-24C96F64E5C5}.Debug|Any CPU.Build.0 = Debug|Any CPU
		{40E01232-E73C-488E-9504-24C96F64E5C5}.Debug|x64.ActiveCfg = Debug|Any CPU
		{40E01232-E73C-488E-9504-24C96F64E5C5}.Debug|x64.Build.0 = Debug|Any CPU
		{40E01232-E73C-488E-9504-24C96F64E5C5}.Debug|x86.ActiveCfg = Debug|Any CPU
		{40E01232-E73C-488E-9504-24C96F64E5C5}.Debug|x86.Build.0 = Debug|Any CPU
		{40E01232-E73C-488E-9504-24C96F64E5C5}.Release|Any CPU.ActiveCfg = Release|Any CPU
		{40E01232-E73C-488E-9504-24C96F64E5C5}.Release|Any CPU.Build.0 = Release|Any CPU
		{40E01232-E73C-488E-9504-24C96F64E5C5}.Release|x64.ActiveCfg = Release|Any CPU
		{40E01232-E73C-488E-9504-24C96F64E5C5}.Release|x64.Build.0 = Release|Any CPU
		{40E01232-E73C-488E-9504-24C96F64E5C5}.Release|x86.ActiveCfg = Release|Any CPU
		{40E01232-E73C-488E-9504-24C96F64E5C5}.Release|x86.Build.0 = Release|Any CPU
		{249873CC-CDC2-47AF-BC20-BF0B7722D2CF}.Debug|Any CPU.ActiveCfg = Debug|Any CPU
		{249873CC-CDC2-47AF-BC20-BF0B7722D2CF}.Debug|Any CPU.Build.0 = Debug|Any CPU
		{249873CC-CDC2-47AF-BC20-BF0B7722D2CF}.Debug|x64.ActiveCfg = Debug|Any CPU
		{249873CC-CDC2-47AF-BC20-BF0B7722D2CF}.Debug|x64.Build.0 = Debug|Any CPU
		{249873CC-CDC2-47AF-BC20-BF0B7722D2CF}.Debug|x86.ActiveCfg = Debug|Any CPU
		{249873CC-CDC2-47AF-BC20-BF0B7722D2CF}.Debug|x86.Build.0 = Debug|Any CPU
		{249873CC-CDC2-47AF-BC20-BF0B7722D2CF}.Release|Any CPU.ActiveCfg = Release|Any CPU
		{249873CC-CDC2-47AF-BC20-BF0B7722D2CF}.Release|Any CPU.Build.0 = Release|Any CPU
		{249873CC-CDC2-47AF-BC20-BF0B7722D2CF}.Release|x64.ActiveCfg = Release|Any CPU
		{249873CC-CDC2-47AF-BC20-BF0B7722D2CF}.Release|x64.Build.0 = Release|Any CPU
		{249873CC-CDC2-47AF-BC20-BF0B7722D2CF}.Release|x86.ActiveCfg = Release|Any CPU
		{249873CC-CDC2-47AF-BC20-BF0B7722D2CF}.Release|x86.Build.0 = Release|Any CPU
		{0A14CB8D-94E2-4BD4-BAB3-1DC242D49F03}.Debug|Any CPU.ActiveCfg = Debug|Any CPU
		{0A14CB8D-94E2-4BD4-BAB3-1DC242D49F03}.Debug|Any CPU.Build.0 = Debug|Any CPU
		{0A14CB8D-94E2-4BD4-BAB3-1DC242D49F03}.Debug|x64.ActiveCfg = Debug|x64
		{0A14CB8D-94E2-4BD4-BAB3-1DC242D49F03}.Debug|x64.Build.0 = Debug|x64
		{0A14CB8D-94E2-4BD4-BAB3-1DC242D49F03}.Debug|x86.ActiveCfg = Debug|x86
		{0A14CB8D-94E2-4BD4-BAB3-1DC242D49F03}.Debug|x86.Build.0 = Debug|x86
		{0A14CB8D-94E2-4BD4-BAB3-1DC242D49F03}.Release|Any CPU.ActiveCfg = Release|Any CPU
		{0A14CB8D-94E2-4BD4-BAB3-1DC242D49F03}.Release|Any CPU.Build.0 = Release|Any CPU
		{0A14CB8D-94E2-4BD4-BAB3-1DC242D49F03}.Release|x64.ActiveCfg = Release|x64
		{0A14CB8D-94E2-4BD4-BAB3-1DC242D49F03}.Release|x64.Build.0 = Release|x64
		{0A14CB8D-94E2-4BD4-BAB3-1DC242D49F03}.Release|x86.ActiveCfg = Release|x86
		{0A14CB8D-94E2-4BD4-BAB3-1DC242D49F03}.Release|x86.Build.0 = Release|x86
		{C4E954D3-2A7A-48D2-B212-8B9A96BFEB4F}.Debug|Any CPU.ActiveCfg = Debug|Any CPU
		{C4E954D3-2A7A-48D2-B212-8B9A96BFEB4F}.Debug|Any CPU.Build.0 = Debug|Any CPU
		{C4E954D3-2A7A-48D2-B212-8B9A96BFEB4F}.Debug|x64.ActiveCfg = Debug|x64
		{C4E954D3-2A7A-48D2-B212-8B9A96BFEB4F}.Debug|x64.Build.0 = Debug|x64
		{C4E954D3-2A7A-48D2-B212-8B9A96BFEB4F}.Debug|x86.ActiveCfg = Debug|x86
		{C4E954D3-2A7A-48D2-B212-8B9A96BFEB4F}.Debug|x86.Build.0 = Debug|x86
		{C4E954D3-2A7A-48D2-B212-8B9A96BFEB4F}.Release|Any CPU.ActiveCfg = Release|Any CPU
		{C4E954D3-2A7A-48D2-B212-8B9A96BFEB4F}.Release|Any CPU.Build.0 = Release|Any CPU
		{C4E954D3-2A7A-48D2-B212-8B9A96BFEB4F}.Release|x64.ActiveCfg = Release|x64
		{C4E954D3-2A7A-48D2-B212-8B9A96BFEB4F}.Release|x64.Build.0 = Release|x64
		{C4E954D3-2A7A-48D2-B212-8B9A96BFEB4F}.Release|x86.ActiveCfg = Release|x86
		{C4E954D3-2A7A-48D2-B212-8B9A96BFEB4F}.Release|x86.Build.0 = Release|x86
	EndGlobalSection
	GlobalSection(SolutionProperties) = preSolution
		HideSolutionNode = FALSE
	EndGlobalSection
	GlobalSection(NestedProjects) = preSolution
		{7B947978-3A26-4B09-8D83-497774BCDF6E} = {C009EBAA-9DEA-478F-B19D-2D7B21A0D4BA}
		{06AD7ABC-115A-4F86-A001-57D5D2518AE8} = {7005D8E2-CEA1-4763-8E90-031109CC9AAD}
		{190C9FB3-0FC6-4415-A62C-5557B858CF74} = {CC90953C-591B-40F8-8227-7D4CBE3BF3EE}
		{5B58C834-CFE3-4802-AC30-5EEA34D61491} = {282FA50F-15BF-476A-AAD2-5F8E8C09ED98}
		{40E01232-E73C-488E-9504-24C96F64E5C5} = {55A5782C-8A44-4B4F-9BDE-2BCBFDA94021}
		{249873CC-CDC2-47AF-BC20-BF0B7722D2CF} = {55A5782C-8A44-4B4F-9BDE-2BCBFDA94021}
		{0A14CB8D-94E2-4BD4-BAB3-1DC242D49F03} = {CC90953C-591B-40F8-8227-7D4CBE3BF3EE}
		{C4E954D3-2A7A-48D2-B212-8B9A96BFEB4F} = {CC90953C-591B-40F8-8227-7D4CBE3BF3EE}
	EndGlobalSection
	GlobalSection(ExtensibilityGlobals) = postSolution
		SolutionGuid = {0EAA1957-C101-40D0-9F23-5F1A7CD65996}
	EndGlobalSection
EndGlobal
