
Microsoft Visual Studio Solution File, Format Version 12.00
# Visual Studio Version 16
VisualStudioVersion = 16.0.29613.14
MinimumVisualStudioVersion = 10.0.40219.1
Project("{FAE04EC0-301F-11D3-BF4B-00C04F79EFBC}") = "VNC_Explore_ObjectModel_System.Speech", "VNC_Explore_ObjectModel_System.Speech.csproj", "{6F916D77-1F08-4D74-9FAF-CC85D3AF04B1}"
EndProject
Global
	GlobalSection(SolutionConfigurationPlatforms) = preSolution
		Debug|Any CPU = Debug|Any CPU
		Release|Any CPU = Release|Any CPU
	EndGlobalSection
	GlobalSection(ProjectConfigurationPlatforms) = postSolution
		{6F916D77-1F08-4D74-9FAF-CC85D3AF04B1}.Debug|Any CPU.ActiveCfg = Debug|Any CPU
		{6F916D77-1F08-4D74-9FAF-CC85D3AF04B1}.Debug|Any CPU.Build.0 = Debug|Any CPU
		{6F916D77-1F08-4D74-9FAF-CC85D3AF04B1}.Release|Any CPU.ActiveCfg = Release|Any CPU
		{6F916D77-1F08-4D74-9FAF-CC85D3AF04B1}.Release|Any CPU.Build.0 = Release|Any CPU
	EndGlobalSection
	GlobalSection(SolutionProperties) = preSolution
		HideSolutionNode = FALSE
	EndGlobalSection
	GlobalSection(ExtensibilityGlobals) = postSolution
		SolutionGuid = {C7C739FB-01BC-4E92-8B51-0EBF5B6C2559}
	EndGlobalSection
EndGlobal
