
Microsoft Visual Studio Solution File, Format Version 12.00
# Visual Studio 15
VisualStudioVersion = 15.0.28307.489
MinimumVisualStudioVersion = 10.0.40219.1
Project("{FAE04EC0-301F-11D3-BF4B-00C04F79EFBC}") = "VNCExplore_EF6_JulieLerman.Core", "VNCExplore_EF6_JulieLerman.Core\VNCExplore_EF6_JulieLerman.Core.csproj", "{2C670A0B-D559-4407-9404-8BFB75BC702D}"
EndProject
Project("{2150E333-8FDC-42A3-9474-1A3956D46DE8}") = "Domain", "Domain", "{8A036194-F0C4-448A-B5B5-0181F8FE39E2}"
EndProject
Project("{2150E333-8FDC-42A3-9474-1A3956D46DE8}") = "Modules", "Modules", "{EEAA8173-A1BA-4376-8011-B73D4FF7F331}"
EndProject
Project("{2150E333-8FDC-42A3-9474-1A3956D46DE8}") = "Repositories", "Repositories", "{3770A5A9-01E6-4932-AC08-8D7AE2BCD8B0}"
EndProject
Project("{2150E333-8FDC-42A3-9474-1A3956D46DE8}") = "Services", "Services", "{66AE5ABF-5F67-4B9F-AC5A-70AB5DC133B8}"
EndProject
Project("{FAE04EC0-301F-11D3-BF4B-00C04F79EFBC}") = "NinjaDomain.Classes", "Domain\Ninja.DomainClasses\NinjaDomain.Classes.csproj", "{7073F7FE-F900-4BDD-8B10-6BC3D88302D1}"
EndProject
Project("{FAE04EC0-301F-11D3-BF4B-00C04F79EFBC}") = "NinjaDomain.DataModel", "Repositories\NinjaDomain.DataModel\NinjaDomain.DataModel.csproj", "{15B31C2A-DC34-46B4-B42A-1618CDF94C7F}"
EndProject
Project("{FAE04EC0-301F-11D3-BF4B-00C04F79EFBC}") = "VNCExplore_EF6_JulieLerman", "VNCExplore_EF6_JulieLerman\VNCExplore_EF6_JulieLerman.csproj", "{710F2FB3-A9FB-4E98-BDC8-D1966FE747B7}"
EndProject
Project("{FAE04EC0-301F-11D3-BF4B-00C04F79EFBC}") = "ConsoleExploreEF", "ConsoleExploreEF\ConsoleExploreEF.csproj", "{0AFF75E4-59CA-4E55-B69C-1350CFA4F83E}"
EndProject
Project("{2150E333-8FDC-42A3-9474-1A3956D46DE8}") = "M1", "M1", "{E3A65D79-E9C8-41F6-A293-9FB6D1E8672C}"
EndProject
Project("{2150E333-8FDC-42A3-9474-1A3956D46DE8}") = "M1 MVC Simple Repo", "M1 MVC Simple Repo", "{22141C99-576F-4B84-A667-8D8DC4284291}"
EndProject
Project("{FAE04EC0-301F-11D3-BF4B-00C04F79EFBC}") = "MvcSalesApp.Data", "M1 MVC Simple Repo\MvcSalesApp.Data\MvcSalesApp.Data.csproj", "{8FBF7E1B-17BD-48E6-B133-B5A3C690C56C}"
EndProject
Project("{FAE04EC0-301F-11D3-BF4B-00C04F79EFBC}") = "MvcSalesApp.Domain", "M1 MVC Simple Repo\MvcSalesApp.Domain\MvcSalesApp.Domain.csproj", "{12618FF0-ACDC-4ACD-A553-D02AF93E8314}"
EndProject
Project("{FAE04EC0-301F-11D3-BF4B-00C04F79EFBC}") = "MvcSalesApp.Web", "M1 MVC Simple Repo\MvcSalesApp.Web\MvcSalesApp.Web.csproj", "{51F7CB6A-0A57-4FB9-B311-F43545D70B49}"
EndProject
Project("{2150E333-8FDC-42A3-9474-1A3956D46DE8}") = "M1 MVC Before", "M1 MVC Before", "{87EAD2D1-0483-47AE-B846-7FE95F92B461}"
EndProject
Project("{FAE04EC0-301F-11D3-BF4B-00C04F79EFBC}") = "MvcSalesApp", "M1 MVC Before\MVCSalesApp\MvcSalesApp.csproj", "{5380558C-B5DC-4486-8557-FF2DD6125EBE}"
EndProject
Project("{2150E333-8FDC-42A3-9474-1A3956D46DE8}") = "M3", "M3", "{62BA181B-47CF-48F6-89FE-C70ED3D03168}"
EndProject
Project("{2150E333-8FDC-42A3-9474-1A3956D46DE8}") = "M3 Before", "M3 Before", "{54C71CCD-7CA4-48B0-BA8E-9E3792F3E993}"
EndProject
Project("{2150E333-8FDC-42A3-9474-1A3956D46DE8}") = "M3 After Repository Encapsulation", "M3 After Repository Encapsulation", "{F080416B-368B-4FD5-8D02-278DCCC724BB}"
EndProject
Project("{2150E333-8FDC-42A3-9474-1A3956D46DE8}") = "M3 After Custom Encapsulation", "M3 After Custom Encapsulation", "{4148FF4B-F47C-424D-B3C6-C5B77B314AB2}"
EndProject
Project("{FAE04EC0-301F-11D3-BF4B-00C04F79EFBC}") = "MvcSalesApp.Tests.Domain", "M3 Before\DomainTests\MvcSalesApp.Tests.Domain.csproj", "{5484AF14-0845-4C53-81BD-718A7840332F}"
EndProject
Project("{FAE04EC0-301F-11D3-BF4B-00C04F79EFBC}") = "MvcSalesApp.Data", "M3 Before\MvcSalesApp.Data\MvcSalesApp.Data.csproj", "{684B8DA4-48A7-42AD-B9B8-7C36D204417A}"
EndProject
Project("{FAE04EC0-301F-11D3-BF4B-00C04F79EFBC}") = "MvcSalesApp.Domain", "M3 Before\MvcSalesApp.Domain\MvcSalesApp.Domain.csproj", "{A47AA603-4617-40EC-A6C0-19C70718B202}"
EndProject
Project("{FAE04EC0-301F-11D3-BF4B-00C04F79EFBC}") = "MvcSalesApp.Tests.Data", "M3 Before\MvcSalesApp.Tests.Data\MvcSalesApp.Tests.Data.csproj", "{A3774051-0C10-4329-A797-076BF067F7A9}"
EndProject
Project("{FAE04EC0-301F-11D3-BF4B-00C04F79EFBC}") = "MvcSalesApp.Web", "M3 Before\MvcSalesApp.Web\MvcSalesApp.Web.csproj", "{3CE7A7A3-0B09-4390-BF9E-DD991FF4D540}"
EndProject
Project("{FAE04EC0-301F-11D3-BF4B-00C04F79EFBC}") = "ReusableGenericRepository", "M3 Before\ReusableGenericRepository\ReusableGenericRepository.csproj", "{2CB1DCC3-D94A-493F-8AC4-9F0BC0B75603}"
EndProject
Project("{FAE04EC0-301F-11D3-BF4B-00C04F79EFBC}") = "MvcSalesApp.Tests.Domain", "M3 After Repository and IoC Added\DomainTests\MvcSalesApp.Tests.Domain.csproj", "{E818B8C2-2DEF-4B83-85E7-B42BE95CF719}"
EndProject
Project("{FAE04EC0-301F-11D3-BF4B-00C04F79EFBC}") = "MvcSalesApp.Data", "M3 After Repository and IoC Added\MvcSalesApp.Data\MvcSalesApp.Data.csproj", "{8452CB06-3B55-4C55-81EF-4762A12F3A56}"
EndProject
Project("{FAE04EC0-301F-11D3-BF4B-00C04F79EFBC}") = "MvcSalesApp.Domain", "M3 After Repository and IoC Added\MvcSalesApp.Domain\MvcSalesApp.Domain.csproj", "{65B146CD-B8C7-4721-9890-4995476AFFF3}"
EndProject
Project("{FAE04EC0-301F-11D3-BF4B-00C04F79EFBC}") = "MvcSalesApp.Web", "M3 After Repository and IoC Added\MvcSalesApp.Web\MvcSalesApp.Web.csproj", "{4BEA21AC-98B4-4A96-AE25-863090572B19}"
EndProject
Project("{FAE04EC0-301F-11D3-BF4B-00C04F79EFBC}") = "MvcSalesApp.Tests.Data", "M3 After Repository and IoC Added\MvcSalesApp.Tests.Data\MvcSalesApp.Tests.Data.csproj", "{15E87253-9E17-4D04-87E3-FDD5CA86CE3F}"
EndProject
Project("{FAE04EC0-301F-11D3-BF4B-00C04F79EFBC}") = "ReusableGenericRepository", "M3 After Repository and IoC Added\ReusableGenericRepository\ReusableGenericRepository.csproj", "{10E1F793-9C45-4CE5-9D9C-B51FB064B3BD}"
EndProject
Project("{FAE04EC0-301F-11D3-BF4B-00C04F79EFBC}") = "MvcSalesApp.Data", "M3 After Custom Encapsulation Added\MvcSalesApp.Data\MvcSalesApp.Data.csproj", "{907AAC15-7367-4D63-8B64-6226B9135ECF}"
EndProject
Project("{FAE04EC0-301F-11D3-BF4B-00C04F79EFBC}") = "MvcSalesApp.Domain", "M3 After Custom Encapsulation Added\MvcSalesApp.Domain\MvcSalesApp.Domain.csproj", "{BA06B265-FD90-4881-A721-B2A5CCF95B38}"
EndProject
Project("{FAE04EC0-301F-11D3-BF4B-00C04F79EFBC}") = "MvcSalesApp.Services", "M3 After Custom Encapsulation Added\MvcSalesApp.Services\MvcSalesApp.Services.csproj", "{3A5228EB-70EA-4E05-A688-58C3B4432970}"
EndProject
Project("{FAE04EC0-301F-11D3-BF4B-00C04F79EFBC}") = "MvcSalesApp.SharedKernel", "M3 After Custom Encapsulation Added\MvcSalesApp.SharedKernel\MvcSalesApp.SharedKernel.csproj", "{DBCC5394-B845-448F-A7CD-161068F16E22}"
EndProject
Project("{FAE04EC0-301F-11D3-BF4B-00C04F79EFBC}") = "MvcSalesApp.Web", "M3 After Custom Encapsulation Added\MvcSalesApp.Web\MvcSalesApp.Web.csproj", "{E00BC528-9BCA-4F63-BA83-807808F92AB6}"
EndProject
Project("{FAE04EC0-301F-11D3-BF4B-00C04F79EFBC}") = "MvcSalesApp.Web.CustomerFacing", "M3 After Custom Encapsulation Added\MvcSalesApp.Web.CustomerFacing\MvcSalesApp.Web.CustomerFacing.csproj", "{66A1BCDA-33E6-4B13-9086-DDE42D3CE558}"
EndProject
Project("{FAE04EC0-301F-11D3-BF4B-00C04F79EFBC}") = "ReusableGenericRepository", "M3 After Custom Encapsulation Added\SharedKernel.Data\ReusableGenericRepository.csproj", "{590BD808-96EA-4FDE-8C1A-0A14928AAD41}"
EndProject
Project("{FAE04EC0-301F-11D3-BF4B-00C04F79EFBC}") = "MvcSalesApp.Web.CustomerFacing.ViewModels", "M3 After Custom Encapsulation Added\ViewModels\MvcSalesApp.Web.CustomerFacing.ViewModels.csproj", "{DA8CFCD3-0C8A-4BAE-BFBB-F0AE5E4C7070}"
EndProject
Project("{2150E333-8FDC-42A3-9474-1A3956D46DE8}") = "M4 M5 Before", "M4 M5 Before", "{EC6E29C2-E7AA-488C-924B-EC6E9DBA758E}"
EndProject
Project("{2150E333-8FDC-42A3-9474-1A3956D46DE8}") = "M4 M5 After", "M4 M5 After", "{5B682F35-534B-4343-9720-ECBEFB7EE4A8}"
EndProject
Project("{FAE04EC0-301F-11D3-BF4B-00C04F79EFBC}") = "DesignTimeHelpers", "M4 M5 After\DesignTimeHelpers\DesignTimeHelpers.csproj", "{421DE0C8-8CED-4E27-80F6-40F1B253E84D}"
EndProject
Project("{FAE04EC0-301F-11D3-BF4B-00C04F79EFBC}") = "Maintenance.Data", "M4 M5 After\Maintenance.Data\Maintenance.Data.csproj", "{FB761ADA-E2AA-4E7C-AF13-706552DA3956}"
EndProject
Project("{FAE04EC0-301F-11D3-BF4B-00C04F79EFBC}") = "Maintenance.Data.Tests", "M4 M5 After\Maintenance.Data.Tests\Maintenance.Data.Tests.csproj", "{20ECAFA0-24EA-4C10-842B-CDCACD7866F5}"
EndProject
Project("{FAE04EC0-301F-11D3-BF4B-00C04F79EFBC}") = "Maintenance.Domain", "M4 M5 After\Maintenance.Domain\Maintenance.Domain.csproj", "{81378D3B-B9FA-48FF-BFA0-107719E6F0DD}"
EndProject
Project("{FAE04EC0-301F-11D3-BF4B-00C04F79EFBC}") = "Maintenance.Domain.Tests", "M4 M5 After\Maintenance.Domain.Tests\Maintenance.Domain.Tests.csproj", "{E18392A5-1D39-47DF-8D1D-57FA64AB750E}"
EndProject
Project("{FAE04EC0-301F-11D3-BF4B-00C04F79EFBC}") = "MvcSalesApp.SharedKernel", "M4 M5 After\MvcSalesApp.SharedKernel\MvcSalesApp.SharedKernel.csproj", "{73064F54-401B-420A-A739-ABAB35C77ED4}"
EndProject
Project("{FAE04EC0-301F-11D3-BF4B-00C04F79EFBC}") = "MvcSalesApp.Tests.SharedKernel", "M4 M5 After\MvcSalesApp.Tests.SharedKernel\MvcSalesApp.Tests.SharedKernel.csproj", "{4F0AF1A2-1D9A-4AA1-A802-E046890BCB71}"
EndProject
Project("{FAE04EC0-301F-11D3-BF4B-00C04F79EFBC}") = "MvcSalesApp.Web", "M4 M5 After\MvcSalesApp.Web\MvcSalesApp.Web.csproj", "{4EEA383B-AFD4-40F7-BCBF-C9AD6336E3F1}"
EndProject
Project("{FAE04EC0-301F-11D3-BF4B-00C04F79EFBC}") = "MvcSalesApp.Web.CustomerFacing", "M4 M5 After\MvcSalesApp.Web.CustomerFacing\MvcSalesApp.Web.CustomerFacing.csproj", "{11A35195-A11A-4A93-A218-DBF158644514}"
EndProject
Project("{FAE04EC0-301F-11D3-BF4B-00C04F79EFBC}") = "SharedKernel.Data", "M4 M5 After\SharedKernel.Data\SharedKernel.Data.csproj", "{700863C4-3728-4540-B8F2-E9A4927F9BA2}"
EndProject
Project("{FAE04EC0-301F-11D3-BF4B-00C04F79EFBC}") = "ShoppingCart.Data", "M4 M5 After\ShoppingCart.Data\ShoppingCart.Data.csproj", "{37105ED2-7DA0-4DE8-B7DB-252048128E52}"
EndProject
Project("{FAE04EC0-301F-11D3-BF4B-00C04F79EFBC}") = "ShoppingCart.Domain", "M4 M5 After\ShoppingCart.Domain\ShoppingCart.Domain.csproj", "{6CF8F731-C364-41A0-991B-582F760639A7}"
EndProject
Project("{FAE04EC0-301F-11D3-BF4B-00C04F79EFBC}") = "ShoppingCart.Domain.Tests", "M4 M5 After\ShoppingCart.Domain.Tests\ShoppingCart.Domain.Tests.csproj", "{7D88CE02-576B-49F4-AA7F-EED90CBF7682}"
EndProject
Project("{FAE04EC0-301F-11D3-BF4B-00C04F79EFBC}") = "ShoppingCart.Services.Tests", "M4 M5 After\ShoppingCart.Servcies.Tests\ShoppingCart.Services.Tests.csproj", "{C04B5B28-6BB5-4A31-A023-8137C615AC51}"
EndProject
Project("{FAE04EC0-301F-11D3-BF4B-00C04F79EFBC}") = "ShoppingCart.Services", "M4 M5 After\ShoppingCart.Services\ShoppingCart.Services.csproj", "{C02E22F1-A8BE-4341-AA97-6DED012D20EF}"
EndProject
Project("{FAE04EC0-301F-11D3-BF4B-00C04F79EFBC}") = "ShoppingCart.Data.Tests", "M4 M5 After\ShoppingCartIntegrationTests\ShoppingCart.Data.Tests.csproj", "{2B2EFAE1-88FF-4015-84E7-68D325A12A2D}"
EndProject
Project("{FAE04EC0-301F-11D3-BF4B-00C04F79EFBC}") = "MvcSalesApp.Web.CustomerFacing.ViewModels", "M4 M5 After\ViewModels\MvcSalesApp.Web.CustomerFacing.ViewModels.csproj", "{B8D2AF7F-1764-48BF-BAA3-78C002D7A6AF}"
EndProject
Global
	GlobalSection(SolutionConfigurationPlatforms) = preSolution
		Debug|Any CPU = Debug|Any CPU
		Release|Any CPU = Release|Any CPU
		Test|Any CPU = Test|Any CPU
	EndGlobalSection
	GlobalSection(ProjectConfigurationPlatforms) = postSolution
		{2C670A0B-D559-4407-9404-8BFB75BC702D}.Debug|Any CPU.ActiveCfg = Debug|Any CPU
		{2C670A0B-D559-4407-9404-8BFB75BC702D}.Debug|Any CPU.Build.0 = Debug|Any CPU
		{2C670A0B-D559-4407-9404-8BFB75BC702D}.Release|Any CPU.ActiveCfg = Release|Any CPU
		{2C670A0B-D559-4407-9404-8BFB75BC702D}.Release|Any CPU.Build.0 = Release|Any CPU
		{2C670A0B-D559-4407-9404-8BFB75BC702D}.Test|Any CPU.ActiveCfg = Release|Any CPU
		{2C670A0B-D559-4407-9404-8BFB75BC702D}.Test|Any CPU.Build.0 = Release|Any CPU
		{7073F7FE-F900-4BDD-8B10-6BC3D88302D1}.Debug|Any CPU.ActiveCfg = Debug|Any CPU
		{7073F7FE-F900-4BDD-8B10-6BC3D88302D1}.Debug|Any CPU.Build.0 = Debug|Any CPU
		{7073F7FE-F900-4BDD-8B10-6BC3D88302D1}.Release|Any CPU.ActiveCfg = Release|Any CPU
		{7073F7FE-F900-4BDD-8B10-6BC3D88302D1}.Release|Any CPU.Build.0 = Release|Any CPU
		{7073F7FE-F900-4BDD-8B10-6BC3D88302D1}.Test|Any CPU.ActiveCfg = Release|Any CPU
		{7073F7FE-F900-4BDD-8B10-6BC3D88302D1}.Test|Any CPU.Build.0 = Release|Any CPU
		{15B31C2A-DC34-46B4-B42A-1618CDF94C7F}.Debug|Any CPU.ActiveCfg = Debug|Any CPU
		{15B31C2A-DC34-46B4-B42A-1618CDF94C7F}.Debug|Any CPU.Build.0 = Debug|Any CPU
		{15B31C2A-DC34-46B4-B42A-1618CDF94C7F}.Release|Any CPU.ActiveCfg = Release|Any CPU
		{15B31C2A-DC34-46B4-B42A-1618CDF94C7F}.Release|Any CPU.Build.0 = Release|Any CPU
		{15B31C2A-DC34-46B4-B42A-1618CDF94C7F}.Test|Any CPU.ActiveCfg = Release|Any CPU
		{15B31C2A-DC34-46B4-B42A-1618CDF94C7F}.Test|Any CPU.Build.0 = Release|Any CPU
		{710F2FB3-A9FB-4E98-BDC8-D1966FE747B7}.Debug|Any CPU.ActiveCfg = Debug|Any CPU
		{710F2FB3-A9FB-4E98-BDC8-D1966FE747B7}.Debug|Any CPU.Build.0 = Debug|Any CPU
		{710F2FB3-A9FB-4E98-BDC8-D1966FE747B7}.Release|Any CPU.ActiveCfg = Release|Any CPU
		{710F2FB3-A9FB-4E98-BDC8-D1966FE747B7}.Release|Any CPU.Build.0 = Release|Any CPU
		{710F2FB3-A9FB-4E98-BDC8-D1966FE747B7}.Test|Any CPU.ActiveCfg = Release|Any CPU
		{710F2FB3-A9FB-4E98-BDC8-D1966FE747B7}.Test|Any CPU.Build.0 = Release|Any CPU
		{0AFF75E4-59CA-4E55-B69C-1350CFA4F83E}.Debug|Any CPU.ActiveCfg = Debug|Any CPU
		{0AFF75E4-59CA-4E55-B69C-1350CFA4F83E}.Debug|Any CPU.Build.0 = Debug|Any CPU
		{0AFF75E4-59CA-4E55-B69C-1350CFA4F83E}.Release|Any CPU.ActiveCfg = Release|Any CPU
		{0AFF75E4-59CA-4E55-B69C-1350CFA4F83E}.Release|Any CPU.Build.0 = Release|Any CPU
		{0AFF75E4-59CA-4E55-B69C-1350CFA4F83E}.Test|Any CPU.ActiveCfg = Release|Any CPU
		{0AFF75E4-59CA-4E55-B69C-1350CFA4F83E}.Test|Any CPU.Build.0 = Release|Any CPU
		{8FBF7E1B-17BD-48E6-B133-B5A3C690C56C}.Debug|Any CPU.ActiveCfg = Debug|Any CPU
		{8FBF7E1B-17BD-48E6-B133-B5A3C690C56C}.Debug|Any CPU.Build.0 = Debug|Any CPU
		{8FBF7E1B-17BD-48E6-B133-B5A3C690C56C}.Release|Any CPU.ActiveCfg = Release|Any CPU
		{8FBF7E1B-17BD-48E6-B133-B5A3C690C56C}.Release|Any CPU.Build.0 = Release|Any CPU
		{8FBF7E1B-17BD-48E6-B133-B5A3C690C56C}.Test|Any CPU.ActiveCfg = Release|Any CPU
		{8FBF7E1B-17BD-48E6-B133-B5A3C690C56C}.Test|Any CPU.Build.0 = Release|Any CPU
		{12618FF0-ACDC-4ACD-A553-D02AF93E8314}.Debug|Any CPU.ActiveCfg = Debug|Any CPU
		{12618FF0-ACDC-4ACD-A553-D02AF93E8314}.Debug|Any CPU.Build.0 = Debug|Any CPU
		{12618FF0-ACDC-4ACD-A553-D02AF93E8314}.Release|Any CPU.ActiveCfg = Release|Any CPU
		{12618FF0-ACDC-4ACD-A553-D02AF93E8314}.Release|Any CPU.Build.0 = Release|Any CPU
		{12618FF0-ACDC-4ACD-A553-D02AF93E8314}.Test|Any CPU.ActiveCfg = Release|Any CPU
		{12618FF0-ACDC-4ACD-A553-D02AF93E8314}.Test|Any CPU.Build.0 = Release|Any CPU
		{51F7CB6A-0A57-4FB9-B311-F43545D70B49}.Debug|Any CPU.ActiveCfg = Debug|Any CPU
		{51F7CB6A-0A57-4FB9-B311-F43545D70B49}.Debug|Any CPU.Build.0 = Debug|Any CPU
		{51F7CB6A-0A57-4FB9-B311-F43545D70B49}.Release|Any CPU.ActiveCfg = Release|Any CPU
		{51F7CB6A-0A57-4FB9-B311-F43545D70B49}.Release|Any CPU.Build.0 = Release|Any CPU
		{51F7CB6A-0A57-4FB9-B311-F43545D70B49}.Test|Any CPU.ActiveCfg = Release|Any CPU
		{51F7CB6A-0A57-4FB9-B311-F43545D70B49}.Test|Any CPU.Build.0 = Release|Any CPU
		{5380558C-B5DC-4486-8557-FF2DD6125EBE}.Debug|Any CPU.ActiveCfg = Debug|Any CPU
		{5380558C-B5DC-4486-8557-FF2DD6125EBE}.Debug|Any CPU.Build.0 = Debug|Any CPU
		{5380558C-B5DC-4486-8557-FF2DD6125EBE}.Release|Any CPU.ActiveCfg = Release|Any CPU
		{5380558C-B5DC-4486-8557-FF2DD6125EBE}.Release|Any CPU.Build.0 = Release|Any CPU
		{5380558C-B5DC-4486-8557-FF2DD6125EBE}.Test|Any CPU.ActiveCfg = Release|Any CPU
		{5380558C-B5DC-4486-8557-FF2DD6125EBE}.Test|Any CPU.Build.0 = Release|Any CPU
		{5484AF14-0845-4C53-81BD-718A7840332F}.Debug|Any CPU.ActiveCfg = Debug|Any CPU
		{5484AF14-0845-4C53-81BD-718A7840332F}.Debug|Any CPU.Build.0 = Debug|Any CPU
		{5484AF14-0845-4C53-81BD-718A7840332F}.Release|Any CPU.ActiveCfg = Release|Any CPU
		{5484AF14-0845-4C53-81BD-718A7840332F}.Release|Any CPU.Build.0 = Release|Any CPU
		{5484AF14-0845-4C53-81BD-718A7840332F}.Test|Any CPU.ActiveCfg = Release|Any CPU
		{5484AF14-0845-4C53-81BD-718A7840332F}.Test|Any CPU.Build.0 = Release|Any CPU
		{684B8DA4-48A7-42AD-B9B8-7C36D204417A}.Debug|Any CPU.ActiveCfg = Debug|Any CPU
		{684B8DA4-48A7-42AD-B9B8-7C36D204417A}.Debug|Any CPU.Build.0 = Debug|Any CPU
		{684B8DA4-48A7-42AD-B9B8-7C36D204417A}.Release|Any CPU.ActiveCfg = Release|Any CPU
		{684B8DA4-48A7-42AD-B9B8-7C36D204417A}.Release|Any CPU.Build.0 = Release|Any CPU
		{684B8DA4-48A7-42AD-B9B8-7C36D204417A}.Test|Any CPU.ActiveCfg = Release|Any CPU
		{684B8DA4-48A7-42AD-B9B8-7C36D204417A}.Test|Any CPU.Build.0 = Release|Any CPU
		{A47AA603-4617-40EC-A6C0-19C70718B202}.Debug|Any CPU.ActiveCfg = Debug|Any CPU
		{A47AA603-4617-40EC-A6C0-19C70718B202}.Debug|Any CPU.Build.0 = Debug|Any CPU
		{A47AA603-4617-40EC-A6C0-19C70718B202}.Release|Any CPU.ActiveCfg = Release|Any CPU
		{A47AA603-4617-40EC-A6C0-19C70718B202}.Release|Any CPU.Build.0 = Release|Any CPU
		{A47AA603-4617-40EC-A6C0-19C70718B202}.Test|Any CPU.ActiveCfg = Release|Any CPU
		{A47AA603-4617-40EC-A6C0-19C70718B202}.Test|Any CPU.Build.0 = Release|Any CPU
		{A3774051-0C10-4329-A797-076BF067F7A9}.Debug|Any CPU.ActiveCfg = Debug|Any CPU
		{A3774051-0C10-4329-A797-076BF067F7A9}.Debug|Any CPU.Build.0 = Debug|Any CPU
		{A3774051-0C10-4329-A797-076BF067F7A9}.Release|Any CPU.ActiveCfg = Release|Any CPU
		{A3774051-0C10-4329-A797-076BF067F7A9}.Release|Any CPU.Build.0 = Release|Any CPU
		{A3774051-0C10-4329-A797-076BF067F7A9}.Test|Any CPU.ActiveCfg = Release|Any CPU
		{A3774051-0C10-4329-A797-076BF067F7A9}.Test|Any CPU.Build.0 = Release|Any CPU
		{3CE7A7A3-0B09-4390-BF9E-DD991FF4D540}.Debug|Any CPU.ActiveCfg = Debug|Any CPU
		{3CE7A7A3-0B09-4390-BF9E-DD991FF4D540}.Debug|Any CPU.Build.0 = Debug|Any CPU
		{3CE7A7A3-0B09-4390-BF9E-DD991FF4D540}.Release|Any CPU.ActiveCfg = Release|Any CPU
		{3CE7A7A3-0B09-4390-BF9E-DD991FF4D540}.Release|Any CPU.Build.0 = Release|Any CPU
		{3CE7A7A3-0B09-4390-BF9E-DD991FF4D540}.Test|Any CPU.ActiveCfg = Release|Any CPU
		{3CE7A7A3-0B09-4390-BF9E-DD991FF4D540}.Test|Any CPU.Build.0 = Release|Any CPU
		{2CB1DCC3-D94A-493F-8AC4-9F0BC0B75603}.Debug|Any CPU.ActiveCfg = Debug|Any CPU
		{2CB1DCC3-D94A-493F-8AC4-9F0BC0B75603}.Debug|Any CPU.Build.0 = Debug|Any CPU
		{2CB1DCC3-D94A-493F-8AC4-9F0BC0B75603}.Release|Any CPU.ActiveCfg = Release|Any CPU
		{2CB1DCC3-D94A-493F-8AC4-9F0BC0B75603}.Release|Any CPU.Build.0 = Release|Any CPU
		{2CB1DCC3-D94A-493F-8AC4-9F0BC0B75603}.Test|Any CPU.ActiveCfg = Release|Any CPU
		{2CB1DCC3-D94A-493F-8AC4-9F0BC0B75603}.Test|Any CPU.Build.0 = Release|Any CPU
		{E818B8C2-2DEF-4B83-85E7-B42BE95CF719}.Debug|Any CPU.ActiveCfg = Debug|Any CPU
		{E818B8C2-2DEF-4B83-85E7-B42BE95CF719}.Debug|Any CPU.Build.0 = Debug|Any CPU
		{E818B8C2-2DEF-4B83-85E7-B42BE95CF719}.Release|Any CPU.ActiveCfg = Release|Any CPU
		{E818B8C2-2DEF-4B83-85E7-B42BE95CF719}.Release|Any CPU.Build.0 = Release|Any CPU
		{E818B8C2-2DEF-4B83-85E7-B42BE95CF719}.Test|Any CPU.ActiveCfg = Release|Any CPU
		{E818B8C2-2DEF-4B83-85E7-B42BE95CF719}.Test|Any CPU.Build.0 = Release|Any CPU
		{8452CB06-3B55-4C55-81EF-4762A12F3A56}.Debug|Any CPU.ActiveCfg = Debug|Any CPU
		{8452CB06-3B55-4C55-81EF-4762A12F3A56}.Debug|Any CPU.Build.0 = Debug|Any CPU
		{8452CB06-3B55-4C55-81EF-4762A12F3A56}.Release|Any CPU.ActiveCfg = Release|Any CPU
		{8452CB06-3B55-4C55-81EF-4762A12F3A56}.Release|Any CPU.Build.0 = Release|Any CPU
		{8452CB06-3B55-4C55-81EF-4762A12F3A56}.Test|Any CPU.ActiveCfg = Release|Any CPU
		{8452CB06-3B55-4C55-81EF-4762A12F3A56}.Test|Any CPU.Build.0 = Release|Any CPU
		{65B146CD-B8C7-4721-9890-4995476AFFF3}.Debug|Any CPU.ActiveCfg = Debug|Any CPU
		{65B146CD-B8C7-4721-9890-4995476AFFF3}.Debug|Any CPU.Build.0 = Debug|Any CPU
		{65B146CD-B8C7-4721-9890-4995476AFFF3}.Release|Any CPU.ActiveCfg = Release|Any CPU
		{65B146CD-B8C7-4721-9890-4995476AFFF3}.Release|Any CPU.Build.0 = Release|Any CPU
		{65B146CD-B8C7-4721-9890-4995476AFFF3}.Test|Any CPU.ActiveCfg = Release|Any CPU
		{65B146CD-B8C7-4721-9890-4995476AFFF3}.Test|Any CPU.Build.0 = Release|Any CPU
		{4BEA21AC-98B4-4A96-AE25-863090572B19}.Debug|Any CPU.ActiveCfg = Debug|Any CPU
		{4BEA21AC-98B4-4A96-AE25-863090572B19}.Debug|Any CPU.Build.0 = Debug|Any CPU
		{4BEA21AC-98B4-4A96-AE25-863090572B19}.Release|Any CPU.ActiveCfg = Release|Any CPU
		{4BEA21AC-98B4-4A96-AE25-863090572B19}.Release|Any CPU.Build.0 = Release|Any CPU
		{4BEA21AC-98B4-4A96-AE25-863090572B19}.Test|Any CPU.ActiveCfg = Release|Any CPU
		{4BEA21AC-98B4-4A96-AE25-863090572B19}.Test|Any CPU.Build.0 = Release|Any CPU
		{15E87253-9E17-4D04-87E3-FDD5CA86CE3F}.Debug|Any CPU.ActiveCfg = Debug|Any CPU
		{15E87253-9E17-4D04-87E3-FDD5CA86CE3F}.Debug|Any CPU.Build.0 = Debug|Any CPU
		{15E87253-9E17-4D04-87E3-FDD5CA86CE3F}.Release|Any CPU.ActiveCfg = Release|Any CPU
		{15E87253-9E17-4D04-87E3-FDD5CA86CE3F}.Release|Any CPU.Build.0 = Release|Any CPU
		{15E87253-9E17-4D04-87E3-FDD5CA86CE3F}.Test|Any CPU.ActiveCfg = Release|Any CPU
		{15E87253-9E17-4D04-87E3-FDD5CA86CE3F}.Test|Any CPU.Build.0 = Release|Any CPU
		{10E1F793-9C45-4CE5-9D9C-B51FB064B3BD}.Debug|Any CPU.ActiveCfg = Debug|Any CPU
		{10E1F793-9C45-4CE5-9D9C-B51FB064B3BD}.Debug|Any CPU.Build.0 = Debug|Any CPU
		{10E1F793-9C45-4CE5-9D9C-B51FB064B3BD}.Release|Any CPU.ActiveCfg = Release|Any CPU
		{10E1F793-9C45-4CE5-9D9C-B51FB064B3BD}.Release|Any CPU.Build.0 = Release|Any CPU
		{10E1F793-9C45-4CE5-9D9C-B51FB064B3BD}.Test|Any CPU.ActiveCfg = Release|Any CPU
		{10E1F793-9C45-4CE5-9D9C-B51FB064B3BD}.Test|Any CPU.Build.0 = Release|Any CPU
		{907AAC15-7367-4D63-8B64-6226B9135ECF}.Debug|Any CPU.ActiveCfg = Debug|Any CPU
		{907AAC15-7367-4D63-8B64-6226B9135ECF}.Debug|Any CPU.Build.0 = Debug|Any CPU
		{907AAC15-7367-4D63-8B64-6226B9135ECF}.Release|Any CPU.ActiveCfg = Release|Any CPU
		{907AAC15-7367-4D63-8B64-6226B9135ECF}.Release|Any CPU.Build.0 = Release|Any CPU
		{907AAC15-7367-4D63-8B64-6226B9135ECF}.Test|Any CPU.ActiveCfg = Release|Any CPU
		{907AAC15-7367-4D63-8B64-6226B9135ECF}.Test|Any CPU.Build.0 = Release|Any CPU
		{BA06B265-FD90-4881-A721-B2A5CCF95B38}.Debug|Any CPU.ActiveCfg = Debug|Any CPU
		{BA06B265-FD90-4881-A721-B2A5CCF95B38}.Debug|Any CPU.Build.0 = Debug|Any CPU
		{BA06B265-FD90-4881-A721-B2A5CCF95B38}.Release|Any CPU.ActiveCfg = Release|Any CPU
		{BA06B265-FD90-4881-A721-B2A5CCF95B38}.Release|Any CPU.Build.0 = Release|Any CPU
		{BA06B265-FD90-4881-A721-B2A5CCF95B38}.Test|Any CPU.ActiveCfg = Release|Any CPU
		{BA06B265-FD90-4881-A721-B2A5CCF95B38}.Test|Any CPU.Build.0 = Release|Any CPU
		{3A5228EB-70EA-4E05-A688-58C3B4432970}.Debug|Any CPU.ActiveCfg = Debug|Any CPU
		{3A5228EB-70EA-4E05-A688-58C3B4432970}.Debug|Any CPU.Build.0 = Debug|Any CPU
		{3A5228EB-70EA-4E05-A688-58C3B4432970}.Release|Any CPU.ActiveCfg = Release|Any CPU
		{3A5228EB-70EA-4E05-A688-58C3B4432970}.Release|Any CPU.Build.0 = Release|Any CPU
		{3A5228EB-70EA-4E05-A688-58C3B4432970}.Test|Any CPU.ActiveCfg = Release|Any CPU
		{3A5228EB-70EA-4E05-A688-58C3B4432970}.Test|Any CPU.Build.0 = Release|Any CPU
		{DBCC5394-B845-448F-A7CD-161068F16E22}.Debug|Any CPU.ActiveCfg = Debug|Any CPU
		{DBCC5394-B845-448F-A7CD-161068F16E22}.Debug|Any CPU.Build.0 = Debug|Any CPU
		{DBCC5394-B845-448F-A7CD-161068F16E22}.Release|Any CPU.ActiveCfg = Release|Any CPU
		{DBCC5394-B845-448F-A7CD-161068F16E22}.Release|Any CPU.Build.0 = Release|Any CPU
		{DBCC5394-B845-448F-A7CD-161068F16E22}.Test|Any CPU.ActiveCfg = Release|Any CPU
		{DBCC5394-B845-448F-A7CD-161068F16E22}.Test|Any CPU.Build.0 = Release|Any CPU
		{E00BC528-9BCA-4F63-BA83-807808F92AB6}.Debug|Any CPU.ActiveCfg = Debug|Any CPU
		{E00BC528-9BCA-4F63-BA83-807808F92AB6}.Debug|Any CPU.Build.0 = Debug|Any CPU
		{E00BC528-9BCA-4F63-BA83-807808F92AB6}.Release|Any CPU.ActiveCfg = Release|Any CPU
		{E00BC528-9BCA-4F63-BA83-807808F92AB6}.Release|Any CPU.Build.0 = Release|Any CPU
		{E00BC528-9BCA-4F63-BA83-807808F92AB6}.Test|Any CPU.ActiveCfg = Release|Any CPU
		{E00BC528-9BCA-4F63-BA83-807808F92AB6}.Test|Any CPU.Build.0 = Release|Any CPU
		{66A1BCDA-33E6-4B13-9086-DDE42D3CE558}.Debug|Any CPU.ActiveCfg = Debug|Any CPU
		{66A1BCDA-33E6-4B13-9086-DDE42D3CE558}.Debug|Any CPU.Build.0 = Debug|Any CPU
		{66A1BCDA-33E6-4B13-9086-DDE42D3CE558}.Release|Any CPU.ActiveCfg = Release|Any CPU
		{66A1BCDA-33E6-4B13-9086-DDE42D3CE558}.Release|Any CPU.Build.0 = Release|Any CPU
		{66A1BCDA-33E6-4B13-9086-DDE42D3CE558}.Test|Any CPU.ActiveCfg = Release|Any CPU
		{66A1BCDA-33E6-4B13-9086-DDE42D3CE558}.Test|Any CPU.Build.0 = Release|Any CPU
		{590BD808-96EA-4FDE-8C1A-0A14928AAD41}.Debug|Any CPU.ActiveCfg = Debug|Any CPU
		{590BD808-96EA-4FDE-8C1A-0A14928AAD41}.Debug|Any CPU.Build.0 = Debug|Any CPU
		{590BD808-96EA-4FDE-8C1A-0A14928AAD41}.Release|Any CPU.ActiveCfg = Release|Any CPU
		{590BD808-96EA-4FDE-8C1A-0A14928AAD41}.Release|Any CPU.Build.0 = Release|Any CPU
		{590BD808-96EA-4FDE-8C1A-0A14928AAD41}.Test|Any CPU.ActiveCfg = Release|Any CPU
		{590BD808-96EA-4FDE-8C1A-0A14928AAD41}.Test|Any CPU.Build.0 = Release|Any CPU
		{DA8CFCD3-0C8A-4BAE-BFBB-F0AE5E4C7070}.Debug|Any CPU.ActiveCfg = Debug|Any CPU
		{DA8CFCD3-0C8A-4BAE-BFBB-F0AE5E4C7070}.Debug|Any CPU.Build.0 = Debug|Any CPU
		{DA8CFCD3-0C8A-4BAE-BFBB-F0AE5E4C7070}.Release|Any CPU.ActiveCfg = Release|Any CPU
		{DA8CFCD3-0C8A-4BAE-BFBB-F0AE5E4C7070}.Release|Any CPU.Build.0 = Release|Any CPU
		{DA8CFCD3-0C8A-4BAE-BFBB-F0AE5E4C7070}.Test|Any CPU.ActiveCfg = Release|Any CPU
		{DA8CFCD3-0C8A-4BAE-BFBB-F0AE5E4C7070}.Test|Any CPU.Build.0 = Release|Any CPU
		{421DE0C8-8CED-4E27-80F6-40F1B253E84D}.Debug|Any CPU.ActiveCfg = Debug|Any CPU
		{421DE0C8-8CED-4E27-80F6-40F1B253E84D}.Debug|Any CPU.Build.0 = Debug|Any CPU
		{421DE0C8-8CED-4E27-80F6-40F1B253E84D}.Release|Any CPU.ActiveCfg = Release|Any CPU
		{421DE0C8-8CED-4E27-80F6-40F1B253E84D}.Release|Any CPU.Build.0 = Release|Any CPU
		{421DE0C8-8CED-4E27-80F6-40F1B253E84D}.Test|Any CPU.ActiveCfg = Release|Any CPU
		{421DE0C8-8CED-4E27-80F6-40F1B253E84D}.Test|Any CPU.Build.0 = Release|Any CPU
		{FB761ADA-E2AA-4E7C-AF13-706552DA3956}.Debug|Any CPU.ActiveCfg = Debug|Any CPU
		{FB761ADA-E2AA-4E7C-AF13-706552DA3956}.Debug|Any CPU.Build.0 = Debug|Any CPU
		{FB761ADA-E2AA-4E7C-AF13-706552DA3956}.Release|Any CPU.ActiveCfg = Release|Any CPU
		{FB761ADA-E2AA-4E7C-AF13-706552DA3956}.Release|Any CPU.Build.0 = Release|Any CPU
		{FB761ADA-E2AA-4E7C-AF13-706552DA3956}.Test|Any CPU.ActiveCfg = Test|Any CPU
		{FB761ADA-E2AA-4E7C-AF13-706552DA3956}.Test|Any CPU.Build.0 = Test|Any CPU
		{20ECAFA0-24EA-4C10-842B-CDCACD7866F5}.Debug|Any CPU.ActiveCfg = Debug|Any CPU
		{20ECAFA0-24EA-4C10-842B-CDCACD7866F5}.Debug|Any CPU.Build.0 = Debug|Any CPU
		{20ECAFA0-24EA-4C10-842B-CDCACD7866F5}.Release|Any CPU.ActiveCfg = Release|Any CPU
		{20ECAFA0-24EA-4C10-842B-CDCACD7866F5}.Release|Any CPU.Build.0 = Release|Any CPU
		{20ECAFA0-24EA-4C10-842B-CDCACD7866F5}.Test|Any CPU.ActiveCfg = Release|Any CPU
		{20ECAFA0-24EA-4C10-842B-CDCACD7866F5}.Test|Any CPU.Build.0 = Release|Any CPU
		{81378D3B-B9FA-48FF-BFA0-107719E6F0DD}.Debug|Any CPU.ActiveCfg = Debug|Any CPU
		{81378D3B-B9FA-48FF-BFA0-107719E6F0DD}.Debug|Any CPU.Build.0 = Debug|Any CPU
		{81378D3B-B9FA-48FF-BFA0-107719E6F0DD}.Release|Any CPU.ActiveCfg = Release|Any CPU
		{81378D3B-B9FA-48FF-BFA0-107719E6F0DD}.Release|Any CPU.Build.0 = Release|Any CPU
		{81378D3B-B9FA-48FF-BFA0-107719E6F0DD}.Test|Any CPU.ActiveCfg = Test|Any CPU
		{81378D3B-B9FA-48FF-BFA0-107719E6F0DD}.Test|Any CPU.Build.0 = Test|Any CPU
		{E18392A5-1D39-47DF-8D1D-57FA64AB750E}.Debug|Any CPU.ActiveCfg = Debug|Any CPU
		{E18392A5-1D39-47DF-8D1D-57FA64AB750E}.Debug|Any CPU.Build.0 = Debug|Any CPU
		{E18392A5-1D39-47DF-8D1D-57FA64AB750E}.Release|Any CPU.ActiveCfg = Release|Any CPU
		{E18392A5-1D39-47DF-8D1D-57FA64AB750E}.Release|Any CPU.Build.0 = Release|Any CPU
		{E18392A5-1D39-47DF-8D1D-57FA64AB750E}.Test|Any CPU.ActiveCfg = Test|Any CPU
		{E18392A5-1D39-47DF-8D1D-57FA64AB750E}.Test|Any CPU.Build.0 = Test|Any CPU
		{73064F54-401B-420A-A739-ABAB35C77ED4}.Debug|Any CPU.ActiveCfg = Debug|Any CPU
		{73064F54-401B-420A-A739-ABAB35C77ED4}.Debug|Any CPU.Build.0 = Debug|Any CPU
		{73064F54-401B-420A-A739-ABAB35C77ED4}.Release|Any CPU.ActiveCfg = Release|Any CPU
		{73064F54-401B-420A-A739-ABAB35C77ED4}.Release|Any CPU.Build.0 = Release|Any CPU
		{73064F54-401B-420A-A739-ABAB35C77ED4}.Test|Any CPU.ActiveCfg = Test|Any CPU
		{73064F54-401B-420A-A739-ABAB35C77ED4}.Test|Any CPU.Build.0 = Test|Any CPU
		{4F0AF1A2-1D9A-4AA1-A802-E046890BCB71}.Debug|Any CPU.ActiveCfg = Debug|Any CPU
		{4F0AF1A2-1D9A-4AA1-A802-E046890BCB71}.Debug|Any CPU.Build.0 = Debug|Any CPU
		{4F0AF1A2-1D9A-4AA1-A802-E046890BCB71}.Release|Any CPU.ActiveCfg = Release|Any CPU
		{4F0AF1A2-1D9A-4AA1-A802-E046890BCB71}.Release|Any CPU.Build.0 = Release|Any CPU
		{4F0AF1A2-1D9A-4AA1-A802-E046890BCB71}.Test|Any CPU.ActiveCfg = Test|Any CPU
		{4F0AF1A2-1D9A-4AA1-A802-E046890BCB71}.Test|Any CPU.Build.0 = Test|Any CPU
		{4EEA383B-AFD4-40F7-BCBF-C9AD6336E3F1}.Debug|Any CPU.ActiveCfg = Debug|Any CPU
		{4EEA383B-AFD4-40F7-BCBF-C9AD6336E3F1}.Debug|Any CPU.Build.0 = Debug|Any CPU
		{4EEA383B-AFD4-40F7-BCBF-C9AD6336E3F1}.Release|Any CPU.ActiveCfg = Release|Any CPU
		{4EEA383B-AFD4-40F7-BCBF-C9AD6336E3F1}.Release|Any CPU.Build.0 = Release|Any CPU
		{4EEA383B-AFD4-40F7-BCBF-C9AD6336E3F1}.Test|Any CPU.ActiveCfg = Test|Any CPU
		{4EEA383B-AFD4-40F7-BCBF-C9AD6336E3F1}.Test|Any CPU.Build.0 = Test|Any CPU
		{11A35195-A11A-4A93-A218-DBF158644514}.Debug|Any CPU.ActiveCfg = Debug|Any CPU
		{11A35195-A11A-4A93-A218-DBF158644514}.Debug|Any CPU.Build.0 = Debug|Any CPU
		{11A35195-A11A-4A93-A218-DBF158644514}.Release|Any CPU.ActiveCfg = Release|Any CPU
		{11A35195-A11A-4A93-A218-DBF158644514}.Release|Any CPU.Build.0 = Release|Any CPU
		{11A35195-A11A-4A93-A218-DBF158644514}.Test|Any CPU.ActiveCfg = Test|Any CPU
		{11A35195-A11A-4A93-A218-DBF158644514}.Test|Any CPU.Build.0 = Test|Any CPU
		{700863C4-3728-4540-B8F2-E9A4927F9BA2}.Debug|Any CPU.ActiveCfg = Debug|Any CPU
		{700863C4-3728-4540-B8F2-E9A4927F9BA2}.Debug|Any CPU.Build.0 = Debug|Any CPU
		{700863C4-3728-4540-B8F2-E9A4927F9BA2}.Release|Any CPU.ActiveCfg = Release|Any CPU
		{700863C4-3728-4540-B8F2-E9A4927F9BA2}.Release|Any CPU.Build.0 = Release|Any CPU
		{700863C4-3728-4540-B8F2-E9A4927F9BA2}.Test|Any CPU.ActiveCfg = Test|Any CPU
		{700863C4-3728-4540-B8F2-E9A4927F9BA2}.Test|Any CPU.Build.0 = Test|Any CPU
		{37105ED2-7DA0-4DE8-B7DB-252048128E52}.Debug|Any CPU.ActiveCfg = Debug|Any CPU
		{37105ED2-7DA0-4DE8-B7DB-252048128E52}.Debug|Any CPU.Build.0 = Debug|Any CPU
		{37105ED2-7DA0-4DE8-B7DB-252048128E52}.Release|Any CPU.ActiveCfg = Release|Any CPU
		{37105ED2-7DA0-4DE8-B7DB-252048128E52}.Release|Any CPU.Build.0 = Release|Any CPU
		{37105ED2-7DA0-4DE8-B7DB-252048128E52}.Test|Any CPU.ActiveCfg = Release|Any CPU
		{37105ED2-7DA0-4DE8-B7DB-252048128E52}.Test|Any CPU.Build.0 = Release|Any CPU
		{6CF8F731-C364-41A0-991B-582F760639A7}.Debug|Any CPU.ActiveCfg = Debug|Any CPU
		{6CF8F731-C364-41A0-991B-582F760639A7}.Debug|Any CPU.Build.0 = Debug|Any CPU
		{6CF8F731-C364-41A0-991B-582F760639A7}.Release|Any CPU.ActiveCfg = Release|Any CPU
		{6CF8F731-C364-41A0-991B-582F760639A7}.Release|Any CPU.Build.0 = Release|Any CPU
		{6CF8F731-C364-41A0-991B-582F760639A7}.Test|Any CPU.ActiveCfg = Test|Any CPU
		{6CF8F731-C364-41A0-991B-582F760639A7}.Test|Any CPU.Build.0 = Test|Any CPU
		{7D88CE02-576B-49F4-AA7F-EED90CBF7682}.Debug|Any CPU.ActiveCfg = Debug|Any CPU
		{7D88CE02-576B-49F4-AA7F-EED90CBF7682}.Debug|Any CPU.Build.0 = Debug|Any CPU
		{7D88CE02-576B-49F4-AA7F-EED90CBF7682}.Release|Any CPU.ActiveCfg = Release|Any CPU
		{7D88CE02-576B-49F4-AA7F-EED90CBF7682}.Release|Any CPU.Build.0 = Release|Any CPU
		{7D88CE02-576B-49F4-AA7F-EED90CBF7682}.Test|Any CPU.ActiveCfg = Test|Any CPU
		{7D88CE02-576B-49F4-AA7F-EED90CBF7682}.Test|Any CPU.Build.0 = Test|Any CPU
		{C04B5B28-6BB5-4A31-A023-8137C615AC51}.Debug|Any CPU.ActiveCfg = Debug|Any CPU
		{C04B5B28-6BB5-4A31-A023-8137C615AC51}.Debug|Any CPU.Build.0 = Debug|Any CPU
		{C04B5B28-6BB5-4A31-A023-8137C615AC51}.Release|Any CPU.ActiveCfg = Release|Any CPU
		{C04B5B28-6BB5-4A31-A023-8137C615AC51}.Release|Any CPU.Build.0 = Release|Any CPU
		{C04B5B28-6BB5-4A31-A023-8137C615AC51}.Test|Any CPU.ActiveCfg = Release|Any CPU
		{C04B5B28-6BB5-4A31-A023-8137C615AC51}.Test|Any CPU.Build.0 = Release|Any CPU
		{C02E22F1-A8BE-4341-AA97-6DED012D20EF}.Debug|Any CPU.ActiveCfg = Debug|Any CPU
		{C02E22F1-A8BE-4341-AA97-6DED012D20EF}.Debug|Any CPU.Build.0 = Debug|Any CPU
		{C02E22F1-A8BE-4341-AA97-6DED012D20EF}.Release|Any CPU.ActiveCfg = Release|Any CPU
		{C02E22F1-A8BE-4341-AA97-6DED012D20EF}.Release|Any CPU.Build.0 = Release|Any CPU
		{C02E22F1-A8BE-4341-AA97-6DED012D20EF}.Test|Any CPU.ActiveCfg = Release|Any CPU
		{C02E22F1-A8BE-4341-AA97-6DED012D20EF}.Test|Any CPU.Build.0 = Release|Any CPU
		{2B2EFAE1-88FF-4015-84E7-68D325A12A2D}.Debug|Any CPU.ActiveCfg = Debug|Any CPU
		{2B2EFAE1-88FF-4015-84E7-68D325A12A2D}.Debug|Any CPU.Build.0 = Debug|Any CPU
		{2B2EFAE1-88FF-4015-84E7-68D325A12A2D}.Release|Any CPU.ActiveCfg = Release|Any CPU
		{2B2EFAE1-88FF-4015-84E7-68D325A12A2D}.Release|Any CPU.Build.0 = Release|Any CPU
		{2B2EFAE1-88FF-4015-84E7-68D325A12A2D}.Test|Any CPU.ActiveCfg = Release|Any CPU
		{2B2EFAE1-88FF-4015-84E7-68D325A12A2D}.Test|Any CPU.Build.0 = Release|Any CPU
		{B8D2AF7F-1764-48BF-BAA3-78C002D7A6AF}.Debug|Any CPU.ActiveCfg = Debug|Any CPU
		{B8D2AF7F-1764-48BF-BAA3-78C002D7A6AF}.Debug|Any CPU.Build.0 = Debug|Any CPU
		{B8D2AF7F-1764-48BF-BAA3-78C002D7A6AF}.Release|Any CPU.ActiveCfg = Release|Any CPU
		{B8D2AF7F-1764-48BF-BAA3-78C002D7A6AF}.Release|Any CPU.Build.0 = Release|Any CPU
		{B8D2AF7F-1764-48BF-BAA3-78C002D7A6AF}.Test|Any CPU.ActiveCfg = Test|Any CPU
		{B8D2AF7F-1764-48BF-BAA3-78C002D7A6AF}.Test|Any CPU.Build.0 = Test|Any CPU
	EndGlobalSection
	GlobalSection(SolutionProperties) = preSolution
		HideSolutionNode = FALSE
	EndGlobalSection
	GlobalSection(NestedProjects) = preSolution
		{7073F7FE-F900-4BDD-8B10-6BC3D88302D1} = {8A036194-F0C4-448A-B5B5-0181F8FE39E2}
		{15B31C2A-DC34-46B4-B42A-1618CDF94C7F} = {3770A5A9-01E6-4932-AC08-8D7AE2BCD8B0}
		{22141C99-576F-4B84-A667-8D8DC4284291} = {E3A65D79-E9C8-41F6-A293-9FB6D1E8672C}
		{8FBF7E1B-17BD-48E6-B133-B5A3C690C56C} = {22141C99-576F-4B84-A667-8D8DC4284291}
		{12618FF0-ACDC-4ACD-A553-D02AF93E8314} = {22141C99-576F-4B84-A667-8D8DC4284291}
		{51F7CB6A-0A57-4FB9-B311-F43545D70B49} = {22141C99-576F-4B84-A667-8D8DC4284291}
		{87EAD2D1-0483-47AE-B846-7FE95F92B461} = {E3A65D79-E9C8-41F6-A293-9FB6D1E8672C}
		{5380558C-B5DC-4486-8557-FF2DD6125EBE} = {87EAD2D1-0483-47AE-B846-7FE95F92B461}
		{54C71CCD-7CA4-48B0-BA8E-9E3792F3E993} = {62BA181B-47CF-48F6-89FE-C70ED3D03168}
		{F080416B-368B-4FD5-8D02-278DCCC724BB} = {62BA181B-47CF-48F6-89FE-C70ED3D03168}
		{4148FF4B-F47C-424D-B3C6-C5B77B314AB2} = {62BA181B-47CF-48F6-89FE-C70ED3D03168}
		{5484AF14-0845-4C53-81BD-718A7840332F} = {54C71CCD-7CA4-48B0-BA8E-9E3792F3E993}
		{684B8DA4-48A7-42AD-B9B8-7C36D204417A} = {54C71CCD-7CA4-48B0-BA8E-9E3792F3E993}
		{A47AA603-4617-40EC-A6C0-19C70718B202} = {54C71CCD-7CA4-48B0-BA8E-9E3792F3E993}
		{A3774051-0C10-4329-A797-076BF067F7A9} = {54C71CCD-7CA4-48B0-BA8E-9E3792F3E993}
		{3CE7A7A3-0B09-4390-BF9E-DD991FF4D540} = {54C71CCD-7CA4-48B0-BA8E-9E3792F3E993}
		{2CB1DCC3-D94A-493F-8AC4-9F0BC0B75603} = {54C71CCD-7CA4-48B0-BA8E-9E3792F3E993}
		{E818B8C2-2DEF-4B83-85E7-B42BE95CF719} = {F080416B-368B-4FD5-8D02-278DCCC724BB}
		{8452CB06-3B55-4C55-81EF-4762A12F3A56} = {F080416B-368B-4FD5-8D02-278DCCC724BB}
		{65B146CD-B8C7-4721-9890-4995476AFFF3} = {F080416B-368B-4FD5-8D02-278DCCC724BB}
		{4BEA21AC-98B4-4A96-AE25-863090572B19} = {F080416B-368B-4FD5-8D02-278DCCC724BB}
		{15E87253-9E17-4D04-87E3-FDD5CA86CE3F} = {F080416B-368B-4FD5-8D02-278DCCC724BB}
		{10E1F793-9C45-4CE5-9D9C-B51FB064B3BD} = {F080416B-368B-4FD5-8D02-278DCCC724BB}
		{907AAC15-7367-4D63-8B64-6226B9135ECF} = {4148FF4B-F47C-424D-B3C6-C5B77B314AB2}
		{BA06B265-FD90-4881-A721-B2A5CCF95B38} = {4148FF4B-F47C-424D-B3C6-C5B77B314AB2}
		{3A5228EB-70EA-4E05-A688-58C3B4432970} = {4148FF4B-F47C-424D-B3C6-C5B77B314AB2}
		{DBCC5394-B845-448F-A7CD-161068F16E22} = {4148FF4B-F47C-424D-B3C6-C5B77B314AB2}
		{E00BC528-9BCA-4F63-BA83-807808F92AB6} = {4148FF4B-F47C-424D-B3C6-C5B77B314AB2}
		{66A1BCDA-33E6-4B13-9086-DDE42D3CE558} = {4148FF4B-F47C-424D-B3C6-C5B77B314AB2}
		{590BD808-96EA-4FDE-8C1A-0A14928AAD41} = {4148FF4B-F47C-424D-B3C6-C5B77B314AB2}
		{DA8CFCD3-0C8A-4BAE-BFBB-F0AE5E4C7070} = {4148FF4B-F47C-424D-B3C6-C5B77B314AB2}
		{421DE0C8-8CED-4E27-80F6-40F1B253E84D} = {5B682F35-534B-4343-9720-ECBEFB7EE4A8}
		{FB761ADA-E2AA-4E7C-AF13-706552DA3956} = {5B682F35-534B-4343-9720-ECBEFB7EE4A8}
		{20ECAFA0-24EA-4C10-842B-CDCACD7866F5} = {5B682F35-534B-4343-9720-ECBEFB7EE4A8}
		{81378D3B-B9FA-48FF-BFA0-107719E6F0DD} = {5B682F35-534B-4343-9720-ECBEFB7EE4A8}
		{E18392A5-1D39-47DF-8D1D-57FA64AB750E} = {5B682F35-534B-4343-9720-ECBEFB7EE4A8}
		{73064F54-401B-420A-A739-ABAB35C77ED4} = {5B682F35-534B-4343-9720-ECBEFB7EE4A8}
		{4F0AF1A2-1D9A-4AA1-A802-E046890BCB71} = {5B682F35-534B-4343-9720-ECBEFB7EE4A8}
		{4EEA383B-AFD4-40F7-BCBF-C9AD6336E3F1} = {5B682F35-534B-4343-9720-ECBEFB7EE4A8}
		{11A35195-A11A-4A93-A218-DBF158644514} = {5B682F35-534B-4343-9720-ECBEFB7EE4A8}
		{700863C4-3728-4540-B8F2-E9A4927F9BA2} = {5B682F35-534B-4343-9720-ECBEFB7EE4A8}
		{37105ED2-7DA0-4DE8-B7DB-252048128E52} = {5B682F35-534B-4343-9720-ECBEFB7EE4A8}
		{6CF8F731-C364-41A0-991B-582F760639A7} = {5B682F35-534B-4343-9720-ECBEFB7EE4A8}
		{7D88CE02-576B-49F4-AA7F-EED90CBF7682} = {5B682F35-534B-4343-9720-ECBEFB7EE4A8}
		{C04B5B28-6BB5-4A31-A023-8137C615AC51} = {5B682F35-534B-4343-9720-ECBEFB7EE4A8}
		{C02E22F1-A8BE-4341-AA97-6DED012D20EF} = {5B682F35-534B-4343-9720-ECBEFB7EE4A8}
		{2B2EFAE1-88FF-4015-84E7-68D325A12A2D} = {5B682F35-534B-4343-9720-ECBEFB7EE4A8}
		{B8D2AF7F-1764-48BF-BAA3-78C002D7A6AF} = {5B682F35-534B-4343-9720-ECBEFB7EE4A8}
	EndGlobalSection
	GlobalSection(ExtensibilityGlobals) = postSolution
		SolutionGuid = {7786C0D3-D890-4CE6-8BED-24170CA4E115}
	EndGlobalSection
EndGlobal
