
Microsoft Visual Studio Solution File, Format Version 12.00
# Visual Studio Version 16
VisualStudioVersion = 16.0.29613.14
MinimumVisualStudioVersion = 10.0.40219.1
Project("{FAE04EC0-301F-11D3-BF4B-00C04F79EFBC}") = "VNC_Explore_ObjectModel_System.Activities", "VNC_Explore_ObjectModel_System.Activities.csproj", "{C02174F2-A550-4E2F-ADD2-5AC0BD4EB5BE}"
EndProject
Global
	GlobalSection(SolutionConfigurationPlatforms) = preSolution
		Debug|Any CPU = Debug|Any CPU
		Release|Any CPU = Release|Any CPU
	EndGlobalSection
	GlobalSection(ProjectConfigurationPlatforms) = postSolution
		{C02174F2-A550-4E2F-ADD2-5AC0BD4EB5BE}.Debug|Any CPU.ActiveCfg = Debug|Any CPU
		{C02174F2-A550-4E2F-ADD2-5AC0BD4EB5BE}.Debug|Any CPU.Build.0 = Debug|Any CPU
		{C02174F2-A550-4E2F-ADD2-5AC0BD4EB5BE}.Release|Any CPU.ActiveCfg = Release|Any CPU
		{C02174F2-A550-4E2F-ADD2-5AC0BD4EB5BE}.Release|Any CPU.Build.0 = Release|Any CPU
	EndGlobalSection
	GlobalSection(SolutionProperties) = preSolution
		HideSolutionNode = FALSE
	EndGlobalSection
	GlobalSection(ExtensibilityGlobals) = postSolution
		SolutionGuid = {6CA3E0ED-1614-4FB4-A21B-616C806B20BF}
	EndGlobalSection
EndGlobal
