
Microsoft Visual Studio Solution File, Format Version 12.00
# Visual Studio Version 16
VisualStudioVersion = 16.0.29123.89
MinimumVisualStudioVersion = 10.0.40219.1
Project("{FAE04EC0-301F-11D3-BF4B-00C04F79EFBC}") = "WiredBrainCoffee.CustomerApp.UI", "WiredBrainCoffee.CustomerApp.UI\WiredBrainCoffee.CustomerApp.UI.csproj", "{CF57AD9E-37CE-4D9D-9B1A-4F727DD89A11}"
EndProject
Project("{FAE04EC0-301F-11D3-BF4B-00C04F79EFBC}") = "WiredBrainCoffee.CustomerApp.DataAccess", "WiredBrainCoffee.CustomerApp.DataAccess\WiredBrainCoffee.CustomerApp.DataAccess.csproj", "{6BC8FBFA-E83A-43D0-8DB5-0A794D5C5818}"
EndProject
Project("{FAE04EC0-301F-11D3-BF4B-00C04F79EFBC}") = "WiredBrainCoffee.CustomerApp.Models", "WiredBrainCoffee.CustomerApp.Models\WiredBrainCoffee.CustomerApp.Models.csproj", "{8D1A6821-E040-4603-B30F-D2DFA84A99D0}"
EndProject
Project("{FAE04EC0-301F-11D3-BF4B-00C04F79EFBC}") = "WiredBrainCoffee.WpfControls", "WiredBrainCoffee.WpfControls\WiredBrainCoffee.WpfControls.csproj", "{C0B7E236-A5E3-4B54-9B0C-CBA5C67F8CB0}"
EndProject
Project("{FAE04EC0-301F-11D3-BF4B-00C04F79EFBC}") = "WiredBrainCoffee.SendShirtServiceHost", "WiredBrainCoffee.SendShirtServiceHost\WiredBrainCoffee.SendShirtServiceHost.csproj", "{93673711-9D8D-403D-8625-E2D6225F28C6}"
EndProject
Global
	GlobalSection(SolutionConfigurationPlatforms) = preSolution
		Debug|Any CPU = Debug|Any CPU
		Release|Any CPU = Release|Any CPU
	EndGlobalSection
	GlobalSection(ProjectConfigurationPlatforms) = postSolution
		{CF57AD9E-37CE-4D9D-9B1A-4F727DD89A11}.Debug|Any CPU.ActiveCfg = Debug|Any CPU
		{CF57AD9E-37CE-4D9D-9B1A-4F727DD89A11}.Debug|Any CPU.Build.0 = Debug|Any CPU
		{CF57AD9E-37CE-4D9D-9B1A-4F727DD89A11}.Release|Any CPU.ActiveCfg = Release|Any CPU
		{CF57AD9E-37CE-4D9D-9B1A-4F727DD89A11}.Release|Any CPU.Build.0 = Release|Any CPU
		{6BC8FBFA-E83A-43D0-8DB5-0A794D5C5818}.Debug|Any CPU.ActiveCfg = Debug|Any CPU
		{6BC8FBFA-E83A-43D0-8DB5-0A794D5C5818}.Debug|Any CPU.Build.0 = Debug|Any CPU
		{6BC8FBFA-E83A-43D0-8DB5-0A794D5C5818}.Release|Any CPU.ActiveCfg = Release|Any CPU
		{6BC8FBFA-E83A-43D0-8DB5-0A794D5C5818}.Release|Any CPU.Build.0 = Release|Any CPU
		{8D1A6821-E040-4603-B30F-D2DFA84A99D0}.Debug|Any CPU.ActiveCfg = Debug|Any CPU
		{8D1A6821-E040-4603-B30F-D2DFA84A99D0}.Debug|Any CPU.Build.0 = Debug|Any CPU
		{8D1A6821-E040-4603-B30F-D2DFA84A99D0}.Release|Any CPU.ActiveCfg = Release|Any CPU
		{8D1A6821-E040-4603-B30F-D2DFA84A99D0}.Release|Any CPU.Build.0 = Release|Any CPU
		{C0B7E236-A5E3-4B54-9B0C-CBA5C67F8CB0}.Debug|Any CPU.ActiveCfg = Debug|Any CPU
		{C0B7E236-A5E3-4B54-9B0C-CBA5C67F8CB0}.Debug|Any CPU.Build.0 = Debug|Any CPU
		{C0B7E236-A5E3-4B54-9B0C-CBA5C67F8CB0}.Release|Any CPU.ActiveCfg = Release|Any CPU
		{C0B7E236-A5E3-4B54-9B0C-CBA5C67F8CB0}.Release|Any CPU.Build.0 = Release|Any CPU
		{93673711-9D8D-403D-8625-E2D6225F28C6}.Debug|Any CPU.ActiveCfg = Debug|Any CPU
		{93673711-9D8D-403D-8625-E2D6225F28C6}.Debug|Any CPU.Build.0 = Debug|Any CPU
		{93673711-9D8D-403D-8625-E2D6225F28C6}.Release|Any CPU.ActiveCfg = Release|Any CPU
		{93673711-9D8D-403D-8625-E2D6225F28C6}.Release|Any CPU.Build.0 = Release|Any CPU
	EndGlobalSection
	GlobalSection(SolutionProperties) = preSolution
		HideSolutionNode = FALSE
	EndGlobalSection
	GlobalSection(ExtensibilityGlobals) = postSolution
		SolutionGuid = {76E46CD0-2B43-4428-AE51-B54CD7C20855}
	EndGlobalSection
EndGlobal
