
Microsoft Visual Studio Solution File, Format Version 12.00
# Visual Studio 14
VisualStudioVersion = 14.0.22609.0
MinimumVisualStudioVersion = 10.0.40219.1
Project("{FAE04EC0-301F-11D3-BF4B-00C04F79EFBC}") = "VNCWebAppMVC1", "VNCWebAppMVC1\VNCWebAppMVC1.csproj", "{E058B439-5B35-477E-8548-82671E01A7C2}"
EndProject
Project("{2150E333-8FDC-42A3-9474-1A3956D46DE8}") = "PublishScripts", "PublishScripts", "{0B83F1AC-5F11-4A54-A480-C9B4B4EF010D}"
	ProjectSection(SolutionItems) = preProject
		PublishScripts\AzureWebsitePublishModule.psm1 = PublishScripts\AzureWebsitePublishModule.psm1
		PublishScripts\Publish-WebApplicationWebsite.ps1 = PublishScripts\Publish-WebApplicationWebsite.ps1
	EndProjectSection
EndProject
Project("{2150E333-8FDC-42A3-9474-1A3956D46DE8}") = "Configurations", "Configurations", "{8014C22E-071D-4E87-90DF-62227D3D1AE7}"
	ProjectSection(SolutionItems) = preProject
		PublishScripts\Configurations\VNCWebAppMVC1-WAWS-dev.json = PublishScripts\Configurations\VNCWebAppMVC1-WAWS-dev.json
	EndProjectSection
EndProject
Project("{2150E333-8FDC-42A3-9474-1A3956D46DE8}") = ".nuget", ".nuget", "{A27AED52-3E2A-42FC-A293-5AC9CA039D30}"
	ProjectSection(SolutionItems) = preProject
		.nuget\packages.config = .nuget\packages.config
	EndProjectSection
EndProject
Global
	GlobalSection(SolutionConfigurationPlatforms) = preSolution
		Debug|Any CPU = Debug|Any CPU
		Release|Any CPU = Release|Any CPU
	EndGlobalSection
	GlobalSection(ProjectConfigurationPlatforms) = postSolution
		{E058B439-5B35-477E-8548-82671E01A7C2}.Debug|Any CPU.ActiveCfg = Debug|Any CPU
		{E058B439-5B35-477E-8548-82671E01A7C2}.Debug|Any CPU.Build.0 = Debug|Any CPU
		{E058B439-5B35-477E-8548-82671E01A7C2}.Release|Any CPU.ActiveCfg = Release|Any CPU
		{E058B439-5B35-477E-8548-82671E01A7C2}.Release|Any CPU.Build.0 = Release|Any CPU
	EndGlobalSection
	GlobalSection(SolutionProperties) = preSolution
		HideSolutionNode = FALSE
	EndGlobalSection
	GlobalSection(NestedProjects) = preSolution
		{8014C22E-071D-4E87-90DF-62227D3D1AE7} = {0B83F1AC-5F11-4A54-A480-C9B4B4EF010D}
	EndGlobalSection
	GlobalSection(TeamFoundationVersionControl) = preSolution
		SccNumberOfProjects = 2
		SccEnterpriseProvider = {4CA58AB2-18FA-4F8D-95D4-32DDF27D184C}
		SccTeamFoundationServer = https://infinityrhodes.visualstudio.com/defaultcollection
		SccLocalPath0 = .
		SccProjectUniqueName1 = WebApp1\\VNCWebAppMVC1.csproj
		SccProjectName1 = WebApp1
		SccLocalPath1 = WebApp1
	EndGlobalSection
EndGlobal
