
Microsoft Visual Studio Solution File, Format Version 12.00
# Visual Studio Version 16
VisualStudioVersion = 16.0.29609.76
MinimumVisualStudioVersion = 10.0.40219.1
Project("{FAE04EC0-301F-11D3-BF4B-00C04F79EFBC}") = "VNC_Explore_ObjectModel_System.Linq", "VNC_Explore_ObjectModel_System.Linq.csproj", "{42466F7B-F551-4373-AA75-E13D6E2B2499}"
EndProject
Global
	GlobalSection(SolutionConfigurationPlatforms) = preSolution
		Debug|Any CPU = Debug|Any CPU
		Release|Any CPU = Release|Any CPU
	EndGlobalSection
	GlobalSection(ProjectConfigurationPlatforms) = postSolution
		{42466F7B-F551-4373-AA75-E13D6E2B2499}.Debug|Any CPU.ActiveCfg = Debug|Any CPU
		{42466F7B-F551-4373-AA75-E13D6E2B2499}.Debug|Any CPU.Build.0 = Debug|Any CPU
		{42466F7B-F551-4373-AA75-E13D6E2B2499}.Release|Any CPU.ActiveCfg = Release|Any CPU
		{42466F7B-F551-4373-AA75-E13D6E2B2499}.Release|Any CPU.Build.0 = Release|Any CPU
	EndGlobalSection
	GlobalSection(SolutionProperties) = preSolution
		HideSolutionNode = FALSE
	EndGlobalSection
	GlobalSection(ExtensibilityGlobals) = postSolution
		SolutionGuid = {BE78E269-EBA0-4B13-87C0-666DB94A4135}
	EndGlobalSection
EndGlobal
