
Microsoft Visual Studio Solution File, Format Version 12.00
# Visual Studio 15
VisualStudioVersion = 15.0.28307.168
MinimumVisualStudioVersion = 10.0.40219.1
Project("{FAE04EC0-301F-11D3-BF4B-00C04F79EFBC}") = "RazorView", "RazorView\RazorView.csproj", "{00C4BEF5-804C-465A-970B-46B59903C63C}"
EndProject
Global
	GlobalSection(SolutionConfigurationPlatforms) = preSolution
		Debug|Any CPU = Debug|Any CPU
		Release|Any CPU = Release|Any CPU
	EndGlobalSection
	GlobalSection(ProjectConfigurationPlatforms) = postSolution
		{00C4BEF5-804C-465A-970B-46B59903C63C}.Debug|Any CPU.ActiveCfg = Debug|Any CPU
		{00C4BEF5-804C-465A-970B-46B59903C63C}.Debug|Any CPU.Build.0 = Debug|Any CPU
		{00C4BEF5-804C-465A-970B-46B59903C63C}.Release|Any CPU.ActiveCfg = Release|Any CPU
		{00C4BEF5-804C-465A-970B-46B59903C63C}.Release|Any CPU.Build.0 = Release|Any CPU
	EndGlobalSection
	GlobalSection(SolutionProperties) = preSolution
		HideSolutionNode = FALSE
	EndGlobalSection
	GlobalSection(ExtensibilityGlobals) = postSolution
		SolutionGuid = {DACB0A65-723B-4B67-89A2-15F8E36D79CE}
	EndGlobalSection
EndGlobal
