
Microsoft Visual Studio Solution File, Format Version 12.00
# Visual Studio Version 16
VisualStudioVersion = 16.0.29613.14
MinimumVisualStudioVersion = 10.0.40219.1
Project("{FAE04EC0-301F-11D3-BF4B-00C04F79EFBC}") = "VNC_Explore_ObjectModel_System.Globalization", "VNC_Explore_ObjectModel_System.Globalization.csproj", "{F63F7A47-A0C2-4A66-8221-0EC239008671}"
EndProject
Global
	GlobalSection(SolutionConfigurationPlatforms) = preSolution
		Debug|Any CPU = Debug|Any CPU
		Release|Any CPU = Release|Any CPU
	EndGlobalSection
	GlobalSection(ProjectConfigurationPlatforms) = postSolution
		{F63F7A47-A0C2-4A66-8221-0EC239008671}.Debug|Any CPU.ActiveCfg = Debug|Any CPU
		{F63F7A47-A0C2-4A66-8221-0EC239008671}.Debug|Any CPU.Build.0 = Debug|Any CPU
		{F63F7A47-A0C2-4A66-8221-0EC239008671}.Release|Any CPU.ActiveCfg = Release|Any CPU
		{F63F7A47-A0C2-4A66-8221-0EC239008671}.Release|Any CPU.Build.0 = Release|Any CPU
	EndGlobalSection
	GlobalSection(SolutionProperties) = preSolution
		HideSolutionNode = FALSE
	EndGlobalSection
	GlobalSection(ExtensibilityGlobals) = postSolution
		SolutionGuid = {84EA01FE-A1BC-4B91-92ED-0B7B4AFB4065}
	EndGlobalSection
EndGlobal
