
Microsoft Visual Studio Solution File, Format Version 12.00
# Visual Studio 15
VisualStudioVersion = 15.0.28010.2016
MinimumVisualStudioVersion = 10.0.40219.1
Project("{FAE04EC0-301F-11D3-BF4B-00C04F79EFBC}") = "MVCDemo", "MVCDemo\MVCDemo.csproj", "{4FBF4458-1290-4E57-A252-B019EAD84299}"
EndProject
Project("{FAE04EC0-301F-11D3-BF4B-00C04F79EFBC}") = "MVCDemo.Tests", "MVCDemo.Tests\MVCDemo.Tests.csproj", "{31D1883A-4516-4472-B028-7C0792ED7E2A}"
EndProject
Project("{FAE04EC0-301F-11D3-BF4B-00C04F79EFBC}") = "WebApplication1", "WebApplication1\WebApplication1.csproj", "{50A79D00-F28A-4B74-B821-4039CFAA0DE7}"
EndProject
Global
	GlobalSection(SolutionConfigurationPlatforms) = preSolution
		Debug|Any CPU = Debug|Any CPU
		Release|Any CPU = Release|Any CPU
	EndGlobalSection
	GlobalSection(ProjectConfigurationPlatforms) = postSolution
		{4FBF4458-1290-4E57-A252-B019EAD84299}.Debug|Any CPU.ActiveCfg = Debug|Any CPU
		{4FBF4458-1290-4E57-A252-B019EAD84299}.Debug|Any CPU.Build.0 = Debug|Any CPU
		{4FBF4458-1290-4E57-A252-B019EAD84299}.Release|Any CPU.ActiveCfg = Release|Any CPU
		{4FBF4458-1290-4E57-A252-B019EAD84299}.Release|Any CPU.Build.0 = Release|Any CPU
		{31D1883A-4516-4472-B028-7C0792ED7E2A}.Debug|Any CPU.ActiveCfg = Debug|Any CPU
		{31D1883A-4516-4472-B028-7C0792ED7E2A}.Debug|Any CPU.Build.0 = Debug|Any CPU
		{31D1883A-4516-4472-B028-7C0792ED7E2A}.Release|Any CPU.ActiveCfg = Release|Any CPU
		{31D1883A-4516-4472-B028-7C0792ED7E2A}.Release|Any CPU.Build.0 = Release|Any CPU
		{50A79D00-F28A-4B74-B821-4039CFAA0DE7}.Debug|Any CPU.ActiveCfg = Debug|Any CPU
		{50A79D00-F28A-4B74-B821-4039CFAA0DE7}.Debug|Any CPU.Build.0 = Debug|Any CPU
		{50A79D00-F28A-4B74-B821-4039CFAA0DE7}.Release|Any CPU.ActiveCfg = Release|Any CPU
		{50A79D00-F28A-4B74-B821-4039CFAA0DE7}.Release|Any CPU.Build.0 = Release|Any CPU
	EndGlobalSection
	GlobalSection(SolutionProperties) = preSolution
		HideSolutionNode = FALSE
	EndGlobalSection
	GlobalSection(ExtensibilityGlobals) = postSolution
		SolutionGuid = {B2C20B1E-7D52-44EF-A05F-60B14C7BF0CB}
	EndGlobalSection
EndGlobal
