
Microsoft Visual Studio Solution File, Format Version 11.00
# Visual Studio 2010
Project("{8BC9CEB8-8B4A-11D0-8D11-00A0C91BC942}") = "AudioCaptureRaw", "AudioCaptureRaw\AudioCaptureRaw.vcxproj", "{6D671179-1CBE-49C3-8C8F-6C30DA3DA890}"
EndProject
Project("{8BC9CEB8-8B4A-11D0-8D11-00A0C91BC942}") = "MFAudioFilter", "MFAudioFilter\MFAudioFilter.vcxproj", "{009B49C9-1C05-408C-AB7E-11C32520AB81}"
EndProject
Project("{8BC9CEB8-8B4A-11D0-8D11-00A0C91BC942}") = "MicArrayEchoCancellation", "MicArrayEchoCancellation\MicArrayEchoCancellation.vcxproj", "{F5D28448-BC6A-4B3D-B268-5BF3BCB06C5E}"
EndProject
Project("{8BC9CEB8-8B4A-11D0-8D11-00A0C91BC942}") = "SkeletalViewer", "SkeletalViewer\SkeletalViewer.vcxproj", "{598188FB-FFFE-4D88-8A3A-8AF295DAD351}"
EndProject
Global
	GlobalSection(SolutionConfigurationPlatforms) = preSolution
		Debug|Win32 = Debug|Win32
		Debug|x64 = Debug|x64
		Release|Win32 = Release|Win32
		Release|x64 = Release|x64
	EndGlobalSection
	GlobalSection(ProjectConfigurationPlatforms) = postSolution
		{6D671179-1CBE-49C3-8C8F-6C30DA3DA890}.Debug|Win32.ActiveCfg = Debug|Win32
		{6D671179-1CBE-49C3-8C8F-6C30DA3DA890}.Debug|Win32.Build.0 = Debug|Win32
		{6D671179-1CBE-49C3-8C8F-6C30DA3DA890}.Debug|x64.ActiveCfg = Debug|x64
		{6D671179-1CBE-49C3-8C8F-6C30DA3DA890}.Debug|x64.Build.0 = Debug|x64
		{6D671179-1CBE-49C3-8C8F-6C30DA3DA890}.Release|Win32.ActiveCfg = Release|Win32
		{6D671179-1CBE-49C3-8C8F-6C30DA3DA890}.Release|Win32.Build.0 = Release|Win32
		{6D671179-1CBE-49C3-8C8F-6C30DA3DA890}.Release|x64.ActiveCfg = Release|x64
		{6D671179-1CBE-49C3-8C8F-6C30DA3DA890}.Release|x64.Build.0 = Release|x64
		{009B49C9-1C05-408C-AB7E-11C32520AB81}.Debug|Win32.ActiveCfg = Debug|Win32
		{009B49C9-1C05-408C-AB7E-11C32520AB81}.Debug|Win32.Build.0 = Debug|Win32
		{009B49C9-1C05-408C-AB7E-11C32520AB81}.Debug|x64.ActiveCfg = Debug|x64
		{009B49C9-1C05-408C-AB7E-11C32520AB81}.Debug|x64.Build.0 = Debug|x64
		{009B49C9-1C05-408C-AB7E-11C32520AB81}.Release|Win32.ActiveCfg = Release|Win32
		{009B49C9-1C05-408C-AB7E-11C32520AB81}.Release|Win32.Build.0 = Release|Win32
		{009B49C9-1C05-408C-AB7E-11C32520AB81}.Release|x64.ActiveCfg = Release|x64
		{009B49C9-1C05-408C-AB7E-11C32520AB81}.Release|x64.Build.0 = Release|x64
		{F5D28448-BC6A-4B3D-B268-5BF3BCB06C5E}.Debug|Win32.ActiveCfg = Debug|Win32
		{F5D28448-BC6A-4B3D-B268-5BF3BCB06C5E}.Debug|Win32.Build.0 = Debug|Win32
		{F5D28448-BC6A-4B3D-B268-5BF3BCB06C5E}.Debug|x64.ActiveCfg = Debug|x64
		{F5D28448-BC6A-4B3D-B268-5BF3BCB06C5E}.Debug|x64.Build.0 = Debug|x64
		{F5D28448-BC6A-4B3D-B268-5BF3BCB06C5E}.Release|Win32.ActiveCfg = Release|Win32
		{F5D28448-BC6A-4B3D-B268-5BF3BCB06C5E}.Release|Win32.Build.0 = Release|Win32
		{F5D28448-BC6A-4B3D-B268-5BF3BCB06C5E}.Release|x64.ActiveCfg = Release|x64
		{F5D28448-BC6A-4B3D-B268-5BF3BCB06C5E}.Release|x64.Build.0 = Release|x64
		{598188FB-FFFE-4D88-8A3A-8AF295DAD351}.Debug|Win32.ActiveCfg = Debug|Win32
		{598188FB-FFFE-4D88-8A3A-8AF295DAD351}.Debug|Win32.Build.0 = Debug|Win32
		{598188FB-FFFE-4D88-8A3A-8AF295DAD351}.Debug|x64.ActiveCfg = Debug|x64
		{598188FB-FFFE-4D88-8A3A-8AF295DAD351}.Debug|x64.Build.0 = Debug|x64
		{598188FB-FFFE-4D88-8A3A-8AF295DAD351}.Release|Win32.ActiveCfg = Release|Win32
		{598188FB-FFFE-4D88-8A3A-8AF295DAD351}.Release|Win32.Build.0 = Release|Win32
		{598188FB-FFFE-4D88-8A3A-8AF295DAD351}.Release|x64.ActiveCfg = Release|x64
		{598188FB-FFFE-4D88-8A3A-8AF295DAD351}.Release|x64.Build.0 = Release|x64
	EndGlobalSection
	GlobalSection(SolutionProperties) = preSolution
		HideSolutionNode = FALSE
	EndGlobalSection
EndGlobal
