
Microsoft Visual Studio Solution File, Format Version 11.00
# Visual Studio 2010
Project("{FAE04EC0-301F-11D3-BF4B-00C04F79EFBC}") = "dxWPFApplication1-Themes", "dxWPFApplication1-Themes\dxWPFApplication1-Themes.csproj", "{2F03070B-FDE4-4BC0-BE4E-7B0197955A54}"
EndProject
Global
	GlobalSection(SolutionConfigurationPlatforms) = preSolution
		Debug|x86 = Debug|x86
		Release|x86 = Release|x86
	EndGlobalSection
	GlobalSection(ProjectConfigurationPlatforms) = postSolution
		{2F03070B-FDE4-4BC0-BE4E-7B0197955A54}.Debug|x86.ActiveCfg = Debug|x86
		{2F03070B-FDE4-4BC0-BE4E-7B0197955A54}.Debug|x86.Build.0 = Debug|x86
		{2F03070B-FDE4-4BC0-BE4E-7B0197955A54}.Release|x86.ActiveCfg = Release|x86
		{2F03070B-FDE4-4BC0-BE4E-7B0197955A54}.Release|x86.Build.0 = Release|x86
	EndGlobalSection
	GlobalSection(SolutionProperties) = preSolution
		HideSolutionNode = FALSE
	EndGlobalSection
EndGlobal
