
Microsoft Visual Studio Solution File, Format Version 12.00
# Visual Studio Version 16
VisualStudioVersion = 16.0.29613.14
MinimumVisualStudioVersion = 10.0.40219.1
Project("{FAE04EC0-301F-11D3-BF4B-00C04F79EFBC}") = "VNC_Console_Explore_Collections", "VNC_Console_Explore_Collections.csproj", "{429E7889-C155-43AD-A7B0-15B457D49573}"
EndProject
Global
	GlobalSection(SolutionConfigurationPlatforms) = preSolution
		Debug|Any CPU = Debug|Any CPU
		Release|Any CPU = Release|Any CPU
	EndGlobalSection
	GlobalSection(ProjectConfigurationPlatforms) = postSolution
		{429E7889-C155-43AD-A7B0-15B457D49573}.Debug|Any CPU.ActiveCfg = Debug|Any CPU
		{429E7889-C155-43AD-A7B0-15B457D49573}.Debug|Any CPU.Build.0 = Debug|Any CPU
		{429E7889-C155-43AD-A7B0-15B457D49573}.Release|Any CPU.ActiveCfg = Release|Any CPU
		{429E7889-C155-43AD-A7B0-15B457D49573}.Release|Any CPU.Build.0 = Release|Any CPU
	EndGlobalSection
	GlobalSection(SolutionProperties) = preSolution
		HideSolutionNode = FALSE
	EndGlobalSection
	GlobalSection(ExtensibilityGlobals) = postSolution
		SolutionGuid = {A4D43163-E2D0-48F3-B0AE-D6D493ED8957}
	EndGlobalSection
EndGlobal
