
Microsoft Visual Studio Solution File, Format Version 12.00
# Visual Studio Version 16
VisualStudioVersion = 16.0.29209.152
MinimumVisualStudioVersion = 10.0.40219.1
Project("{FAE04EC0-301F-11D3-BF4B-00C04F79EFBC}") = "WiredBrainCoffee.ComputerInfoTool", "WiredBrainCoffee.ComputerInfoTool\WiredBrainCoffee.ComputerInfoTool.csproj", "{7940AB13-0615-477C-9FA0-B51A1B2D40A7}"
EndProject
Project("{FAE04EC0-301F-11D3-BF4B-00C04F79EFBC}") = "WiredBrainCoffee.ToDoList", "WiredBrainCoffee.ToDoList\WiredBrainCoffee.ToDoList.csproj", "{11D098BD-9B6C-480B-BCE3-340BAAFA9E82}"
EndProject
Global
	GlobalSection(SolutionConfigurationPlatforms) = preSolution
		Debug|Any CPU = Debug|Any CPU
		Release|Any CPU = Release|Any CPU
	EndGlobalSection
	GlobalSection(ProjectConfigurationPlatforms) = postSolution
		{7940AB13-0615-477C-9FA0-B51A1B2D40A7}.Debug|Any CPU.ActiveCfg = Debug|Any CPU
		{7940AB13-0615-477C-9FA0-B51A1B2D40A7}.Debug|Any CPU.Build.0 = Debug|Any CPU
		{7940AB13-0615-477C-9FA0-B51A1B2D40A7}.Release|Any CPU.ActiveCfg = Release|Any CPU
		{7940AB13-0615-477C-9FA0-B51A1B2D40A7}.Release|Any CPU.Build.0 = Release|Any CPU
		{11D098BD-9B6C-480B-BCE3-340BAAFA9E82}.Debug|Any CPU.ActiveCfg = Debug|Any CPU
		{11D098BD-9B6C-480B-BCE3-340BAAFA9E82}.Debug|Any CPU.Build.0 = Debug|Any CPU
		{11D098BD-9B6C-480B-BCE3-340BAAFA9E82}.Release|Any CPU.ActiveCfg = Release|Any CPU
		{11D098BD-9B6C-480B-BCE3-340BAAFA9E82}.Release|Any CPU.Build.0 = Release|Any CPU
	EndGlobalSection
	GlobalSection(SolutionProperties) = preSolution
		HideSolutionNode = FALSE
	EndGlobalSection
	GlobalSection(ExtensibilityGlobals) = postSolution
		SolutionGuid = {273EC55D-18E3-4E3C-9F8B-AF4856C3A02B}
	EndGlobalSection
EndGlobal
